PODS:
  - AFNetworking (3.1.0):
    - AFNetworking/NSURLSession (= 3.1.0)
    - AFNetworking/Reachability (= 3.1.0)
    - AFNetworking/Security (= 3.1.0)
    - AFNetworking/Serialization (= 3.1.0)
    - AFNetworking/UIKit (= 3.1.0)
  - AFNetworking/NSURLSession (3.1.0):
    - AFNetworking/Reachability
    - AFNetworking/Security
    - AFNetworking/Serialization
  - AFNetworking/Reachability (3.1.0)
  - AFNetworking/Security (3.1.0)
  - AFNetworking/Serialization (3.1.0)
  - AFNetworking/UIKit (3.1.0):
    - AFNetworking/NSURLSession
  - AYRegistry (0.1.3)
  - MGEvents (1.1.0)
  - PromiseKit/Promise (1.7.2)
  - SAMKeychain (1.5.0)
  - SGHTTPRequest (1.8.2):
    - AFNetworking (~> 3.0)
    - MGEvents (~> 1.1)
    - SGHTTPRequest/Core (= 1.8.2)
    - SGHTTPRequest/UIKit (= 1.8.2)
  - SGHTTPRequest/Core (1.8.2):
    - AFNetworking (~> 3.0)
    - MGEvents (~> 1.1)
  - SGHTTPRequest/UIKit (1.8.2):
    - AFNetworking (~> 3.0)
    - MGEvents (~> 1.1)
    - SGHTTPRequest/Core
  - SGImageCache (2.3.0):
    - AFNetworking
    - MGEvents (~> 1.1)
    - PromiseKit/Promise (~> 1.5)
    - SGHTTPRequest (~> 1.7)
  - STTwitter (0.2.6)
  - SVPullToRefresh (0.4.1)

DEPENDENCIES:
  - AYRegistry
  - SAMKeychain (from `https://github.com/soffes/SAMKeychain.git`, commit `80714c22e0f43de0be2134f99c0a0841f9ef066c`)
  - SGImageCache (~> 2.3.0)
  - STTwitter (~> 0.2.5)
  - SVPullToRefresh (from `https://github.com/samvermette/SVPullToRefresh.git`, commit `a5f9dfee86a27c4e994d7edf93d0768c881d58bb`)

EXTERNAL SOURCES:
  SAMKeychain:
    :commit: 80714c22e0f43de0be2134f99c0a0841f9ef066c
    :git: https://github.com/soffes/SAMKeychain.git
  SVPullToRefresh:
    :commit: a5f9dfee86a27c4e994d7edf93d0768c881d58bb
    :git: https://github.com/samvermette/SVPullToRefresh.git

CHECKOUT OPTIONS:
  SAMKeychain:
    :commit: 80714c22e0f43de0be2134f99c0a0841f9ef066c
    :git: https://github.com/soffes/SAMKeychain.git
  SVPullToRefresh:
    :commit: a5f9dfee86a27c4e994d7edf93d0768c881d58bb
    :git: https://github.com/samvermette/SVPullToRefresh.git

SPEC CHECKSUMS:
  AFNetworking: 5e0e199f73d8626b11e79750991f5d173d1f8b67
  AYRegistry: ac95b4d35cced415e67b66d450e889e59e4164d9
  MGEvents: 04c4c5b49a420a4895c5bb676ccc708311176d14
  PromiseKit: 102844c7b5ccff53f693e0710365c445d8df3871
  SAMKeychain: 1fc9ae02f576365395758b12888c84704eebc423
  SGHTTPRequest: 619ea47680a7fefb9a5fd242ef27abd36fe2c72f
  SGImageCache: 85612f41878e9f5f9097d7eb6c18427a0fe227e5
  STTwitter: 30ee2f79eff78c3d633a1edc869e97db9c9ead59
  SVPullToRefresh: ba2e718695a43253d8bea6852d2960097dc15d8c

PODFILE CHECKSUM: a02f3dbe063dd0be43340129da9cb513733256cf

COCOAPODS: 1.3.1
