// !$*UTF8*$!
{
	archiveVersion = 1;
	classes = {
	};
	objectVersion = 46;
	objects = {

/* Begin PBXBuildFile section */
		00ED40C1B3A1B86EC86EED9E /* LoginRouterInput.swift in Sources */ = {isa = PBXBuildFile; fileRef = 29201C8450BEB5508DF0EFB8 /* LoginRouterInput.swift */; };
		0C600FEF96A9DAA29AFE29DA /* LoginViewInput.swift in Sources */ = {isa = PBXBuildFile; fileRef = 73E57FCA510F2E64268DFFB1 /* LoginViewInput.swift */; };
		10DE3B91554135AC09E28FDA /* Pods_TweetSpot.framework in Frameworks */ = {isa = PBXBuildFile; fileRef = EC908E15534B9C55897CC48D /* Pods_TweetSpot.framework */; };
		2F6B9B3145F852C644E231A5 /* LoginInteractorOutput.swift in Sources */ = {isa = PBXBuildFile; fileRef = 0C492B261654B8E581FA4DA1 /* LoginInteractorOutput.swift */; };
		3CB6F2D1B911272743922AEB /* LoginRouter.swift in Sources */ = {isa = PBXBuildFile; fileRef = 2DAA5A84F566ADC6C923BB15 /* LoginRouter.swift */; };
		43D39CCE68291FA56D85DCD9 /* LoginInteractorInput.swift in Sources */ = {isa = PBXBuildFile; fileRef = A352E74613D34DF29C9D509E /* LoginInteractorInput.swift */; };
		4D2AE8BBF63A3ECA88039CF5 /* LoginViewController.swift in Sources */ = {isa = PBXBuildFile; fileRef = 925AB2EC06AA8DF3F1E9FAA4 /* LoginViewController.swift */; };
		553F7B471D5DB71200541F38 /* TweetSpotTests.swift in Sources */ = {isa = PBXBuildFile; fileRef = 553F7B461D5DB71200541F38 /* TweetSpotTests.swift */; };
		553F7B7A1D5DBAD700541F38 /* LaunchScreen.storyboard in Resources */ = {isa = PBXBuildFile; fileRef = 553F7B5B1D5DBAD700541F38 /* LaunchScreen.storyboard */; };
		553F7B7B1D5DBAD700541F38 /* Main.storyboard in Resources */ = {isa = PBXBuildFile; fileRef = 553F7B5D1D5DBAD700541F38 /* Main.storyboard */; };
		553F7B7C1D5DBAD700541F38 /* NavigationRootAssembly.swift in Sources */ = {isa = PBXBuildFile; fileRef = 553F7B621D5DBAD700541F38 /* NavigationRootAssembly.swift */; };
		553F7B7D1D5DBAD700541F38 /* NavigationRootInteractor.swift in Sources */ = {isa = PBXBuildFile; fileRef = 553F7B641D5DBAD700541F38 /* NavigationRootInteractor.swift */; };
		553F7B7E1D5DBAD700541F38 /* NavigationRootInteractorInput.swift in Sources */ = {isa = PBXBuildFile; fileRef = 553F7B651D5DBAD700541F38 /* NavigationRootInteractorInput.swift */; };
		553F7B7F1D5DBAD700541F38 /* NavigationRootInteractorOutput.swift in Sources */ = {isa = PBXBuildFile; fileRef = 553F7B661D5DBAD700541F38 /* NavigationRootInteractorOutput.swift */; };
		553F7B801D5DBAD700541F38 /* NavigationRootModuleInput.swift in Sources */ = {isa = PBXBuildFile; fileRef = 553F7B681D5DBAD700541F38 /* NavigationRootModuleInput.swift */; };
		553F7B811D5DBAD700541F38 /* NavigationRootPresenter.swift in Sources */ = {isa = PBXBuildFile; fileRef = 553F7B691D5DBAD700541F38 /* NavigationRootPresenter.swift */; };
		553F7B821D5DBAD700541F38 /* NavigationRootRouter.swift in Sources */ = {isa = PBXBuildFile; fileRef = 553F7B6B1D5DBAD700541F38 /* NavigationRootRouter.swift */; };
		553F7B831D5DBAD700541F38 /* NavigationRootRouterInput.swift in Sources */ = {isa = PBXBuildFile; fileRef = 553F7B6C1D5DBAD700541F38 /* NavigationRootRouterInput.swift */; };
		553F7B841D5DBAD700541F38 /* NavigationRootViewController.swift in Sources */ = {isa = PBXBuildFile; fileRef = 553F7B6E1D5DBAD700541F38 /* NavigationRootViewController.swift */; };
		553F7B851D5DBAD700541F38 /* NavigationRootViewInput.swift in Sources */ = {isa = PBXBuildFile; fileRef = 553F7B6F1D5DBAD700541F38 /* NavigationRootViewInput.swift */; };
		553F7B861D5DBAD700541F38 /* NavigationRootViewOutput.swift in Sources */ = {isa = PBXBuildFile; fileRef = 553F7B701D5DBAD700541F38 /* NavigationRootViewOutput.swift */; };
		553F7B871D5DBAD700541F38 /* TyphoonDefinition+Extensions.swift in Sources */ = {isa = PBXBuildFile; fileRef = 553F7B731D5DBAD700541F38 /* TyphoonDefinition+Extensions.swift */; };
		553F7B881D5DBAD700541F38 /* Assets.xcassets in Resources */ = {isa = PBXBuildFile; fileRef = 553F7B761D5DBAD700541F38 /* Assets.xcassets */; };
		553F7B8B1D5DBB3100541F38 /* ApplicationAssembly.swift in Sources */ = {isa = PBXBuildFile; fileRef = 553F7B8A1D5DBB3100541F38 /* ApplicationAssembly.swift */; };
		553F7B8E1D5DBB5900541F38 /* AppDelegate.swift in Sources */ = {isa = PBXBuildFile; fileRef = 553F7B8D1D5DBB5900541F38 /* AppDelegate.swift */; };
		553F7B901D5DBF2D00541F38 /* UIColor+Extensions.swift in Sources */ = {isa = PBXBuildFile; fileRef = 553F7B8F1D5DBF2D00541F38 /* UIColor+Extensions.swift */; };
		553F7B921D5DC8E800541F38 /* CAGradientLayer+Extensions.swift in Sources */ = {isa = PBXBuildFile; fileRef = 553F7B911D5DC8E800541F38 /* CAGradientLayer+Extensions.swift */; };
		553F7B951D5DC98600541F38 /* FadeInSegue.swift in Sources */ = {isa = PBXBuildFile; fileRef = 553F7B941D5DC98600541F38 /* FadeInSegue.swift */; };
		553F7B981D5DC9B900541F38 /* FadeAnimator.swift in Sources */ = {isa = PBXBuildFile; fileRef = 553F7B971D5DC9B900541F38 /* FadeAnimator.swift */; };
		553F7B9B1D5DCA0700541F38 /* LoginStoryboard.storyboard in Resources */ = {isa = PBXBuildFile; fileRef = 553F7B9A1D5DCA0700541F38 /* LoginStoryboard.storyboard */; };
		553F7B9F1D5DD0C500541F38 /* Login.strings in Resources */ = {isa = PBXBuildFile; fileRef = 553F7BA11D5DD0C500541F38 /* Login.strings */; };
		553F7BA41D5DD0EE00541F38 /* String+Extensions.swift in Sources */ = {isa = PBXBuildFile; fileRef = 553F7BA31D5DD0EE00541F38 /* String+Extensions.swift */; };
		553F7BB01D5DE7D800541F38 /* TwitterSession.swift in Sources */ = {isa = PBXBuildFile; fileRef = 553F7BAE1D5DE7D800541F38 /* TwitterSession.swift */; };
		553F7BB11D5DE7D800541F38 /* TwitterSessionImpl.swift in Sources */ = {isa = PBXBuildFile; fileRef = 553F7BAF1D5DE7D800541F38 /* TwitterSessionImpl.swift */; };
		553F7BB41D5DE7EE00541F38 /* SocialAccountsService.swift in Sources */ = {isa = PBXBuildFile; fileRef = 553F7BB31D5DE7EE00541F38 /* SocialAccountsService.swift */; };
		553F7BB61D5DE85B00541F38 /* SocialAccountsServiceImpl.swift in Sources */ = {isa = PBXBuildFile; fileRef = 553F7BB51D5DE85B00541F38 /* SocialAccountsServiceImpl.swift */; };
		553F7BB81D5DE94300541F38 /* CoreServicesAssembly.swift in Sources */ = {isa = PBXBuildFile; fileRef = 553F7BB71D5DE94200541F38 /* CoreServicesAssembly.swift */; };
		5E1C4BE8DA3AF9D19CF00FB5 /* LoginViewOutput.swift in Sources */ = {isa = PBXBuildFile; fileRef = 34178EC6BAD21268D642847C /* LoginViewOutput.swift */; };
		63D4587548BBE2D1980ED093 /* LoginModuleInput.swift in Sources */ = {isa = PBXBuildFile; fileRef = 31CA2E1B4D8C00A745E46D00 /* LoginModuleInput.swift */; };
		A8668A4869942910B58DD3B7 /* LoginInteractor.swift in Sources */ = {isa = PBXBuildFile; fileRef = EDFA1CFD2DBF26E79CEFB095 /* LoginInteractor.swift */; };
		C2B66D6AF2DCD980C2338BA7 /* LoginPresenter.swift in Sources */ = {isa = PBXBuildFile; fileRef = AB2C826A2427286160339FEE /* LoginPresenter.swift */; };
		D606B5C4423C7A5C906D18E4 /* LoginAssembly.swift in Sources */ = {isa = PBXBuildFile; fileRef = C854C7EC496D353EA5482B82 /* LoginAssembly.swift */; };
/* End PBXBuildFile section */

/* Begin PBXContainerItemProxy section */
		553F7B431D5DB71200541F38 /* PBXContainerItemProxy */ = {
			isa = PBXContainerItemProxy;
			containerPortal = 553F7B261D5DB71200541F38 /* Project object */;
			proxyType = 1;
			remoteGlobalIDString = 553F7B2D1D5DB71200541F38;
			remoteInfo = TweetSpot;
		};
/* End PBXContainerItemProxy section */

/* Begin PBXFileReference section */
		0C492B261654B8E581FA4DA1 /* LoginInteractorOutput.swift */ = {isa = PBXFileReference; includeInIndex = 1; lastKnownFileType = sourcecode.swift; path = LoginInteractorOutput.swift; sourceTree = "<group>"; };
		29201C8450BEB5508DF0EFB8 /* LoginRouterInput.swift */ = {isa = PBXFileReference; includeInIndex = 1; lastKnownFileType = sourcecode.swift; path = LoginRouterInput.swift; sourceTree = "<group>"; };
		2DAA5A84F566ADC6C923BB15 /* LoginRouter.swift */ = {isa = PBXFileReference; includeInIndex = 1; lastKnownFileType = sourcecode.swift; path = LoginRouter.swift; sourceTree = "<group>"; };
		31CA2E1B4D8C00A745E46D00 /* LoginModuleInput.swift */ = {isa = PBXFileReference; includeInIndex = 1; lastKnownFileType = sourcecode.swift; path = LoginModuleInput.swift; sourceTree = "<group>"; };
		34178EC6BAD21268D642847C /* LoginViewOutput.swift */ = {isa = PBXFileReference; includeInIndex = 1; lastKnownFileType = sourcecode.swift; path = LoginViewOutput.swift; sourceTree = "<group>"; };
		553F7B2E1D5DB71200541F38 /* TweetSpot.app */ = {isa = PBXFileReference; explicitFileType = wrapper.application; includeInIndex = 0; path = TweetSpot.app; sourceTree = BUILT_PRODUCTS_DIR; };
		553F7B421D5DB71200541F38 /* TweetSpotTests.xctest */ = {isa = PBXFileReference; explicitFileType = wrapper.cfbundle; includeInIndex = 0; path = TweetSpotTests.xctest; sourceTree = BUILT_PRODUCTS_DIR; };
		553F7B461D5DB71200541F38 /* TweetSpotTests.swift */ = {isa = PBXFileReference; lastKnownFileType = sourcecode.swift; path = TweetSpotTests.swift; sourceTree = "<group>"; };
		553F7B481D5DB71200541F38 /* Info.plist */ = {isa = PBXFileReference; lastKnownFileType = text.plist.xml; path = Info.plist; sourceTree = "<group>"; };
		553F7B5C1D5DBAD700541F38 /* Base */ = {isa = PBXFileReference; lastKnownFileType = file.storyboard; name = Base; path = Base.lproj/LaunchScreen.storyboard; sourceTree = "<group>"; };
		553F7B5E1D5DBAD700541F38 /* Base */ = {isa = PBXFileReference; lastKnownFileType = file.storyboard; name = Base; path = Base.lproj/Main.storyboard; sourceTree = "<group>"; };
		553F7B621D5DBAD700541F38 /* NavigationRootAssembly.swift */ = {isa = PBXFileReference; fileEncoding = 4; lastKnownFileType = sourcecode.swift; path = NavigationRootAssembly.swift; sourceTree = "<group>"; };
		553F7B641D5DBAD700541F38 /* NavigationRootInteractor.swift */ = {isa = PBXFileReference; fileEncoding = 4; lastKnownFileType = sourcecode.swift; path = NavigationRootInteractor.swift; sourceTree = "<group>"; };
		553F7B651D5DBAD700541F38 /* NavigationRootInteractorInput.swift */ = {isa = PBXFileReference; fileEncoding = 4; lastKnownFileType = sourcecode.swift; path = NavigationRootInteractorInput.swift; sourceTree = "<group>"; };
		553F7B661D5DBAD700541F38 /* NavigationRootInteractorOutput.swift */ = {isa = PBXFileReference; fileEncoding = 4; lastKnownFileType = sourcecode.swift; path = NavigationRootInteractorOutput.swift; sourceTree = "<group>"; };
		553F7B681D5DBAD700541F38 /* NavigationRootModuleInput.swift */ = {isa = PBXFileReference; fileEncoding = 4; lastKnownFileType = sourcecode.swift; path = NavigationRootModuleInput.swift; sourceTree = "<group>"; };
		553F7B691D5DBAD700541F38 /* NavigationRootPresenter.swift */ = {isa = PBXFileReference; fileEncoding = 4; lastKnownFileType = sourcecode.swift; path = NavigationRootPresenter.swift; sourceTree = "<group>"; };
		553F7B6B1D5DBAD700541F38 /* NavigationRootRouter.swift */ = {isa = PBXFileReference; fileEncoding = 4; lastKnownFileType = sourcecode.swift; path = NavigationRootRouter.swift; sourceTree = "<group>"; };
		553F7B6C1D5DBAD700541F38 /* NavigationRootRouterInput.swift */ = {isa = PBXFileReference; fileEncoding = 4; lastKnownFileType = sourcecode.swift; path = NavigationRootRouterInput.swift; sourceTree = "<group>"; };
		553F7B6E1D5DBAD700541F38 /* NavigationRootViewController.swift */ = {isa = PBXFileReference; fileEncoding = 4; lastKnownFileType = sourcecode.swift; path = NavigationRootViewController.swift; sourceTree = "<group>"; };
		553F7B6F1D5DBAD700541F38 /* NavigationRootViewInput.swift */ = {isa = PBXFileReference; fileEncoding = 4; lastKnownFileType = sourcecode.swift; path = NavigationRootViewInput.swift; sourceTree = "<group>"; };
		553F7B701D5DBAD700541F38 /* NavigationRootViewOutput.swift */ = {isa = PBXFileReference; fileEncoding = 4; lastKnownFileType = sourcecode.swift; path = NavigationRootViewOutput.swift; sourceTree = "<group>"; };
		553F7B731D5DBAD700541F38 /* TyphoonDefinition+Extensions.swift */ = {isa = PBXFileReference; fileEncoding = 4; lastKnownFileType = sourcecode.swift; path = "TyphoonDefinition+Extensions.swift"; sourceTree = "<group>"; };
		553F7B761D5DBAD700541F38 /* Assets.xcassets */ = {isa = PBXFileReference; lastKnownFileType = folder.assetcatalog; path = Assets.xcassets; sourceTree = "<group>"; };
		553F7B781D5DBAD700541F38 /* Info.plist */ = {isa = PBXFileReference; fileEncoding = 4; lastKnownFileType = text.plist.xml; path = Info.plist; sourceTree = "<group>"; };
		553F7B8A1D5DBB3100541F38 /* ApplicationAssembly.swift */ = {isa = PBXFileReference; fileEncoding = 4; lastKnownFileType = sourcecode.swift; path = ApplicationAssembly.swift; sourceTree = "<group>"; };
		553F7B8D1D5DBB5900541F38 /* AppDelegate.swift */ = {isa = PBXFileReference; fileEncoding = 4; lastKnownFileType = sourcecode.swift; path = AppDelegate.swift; sourceTree = "<group>"; };
		553F7B8F1D5DBF2D00541F38 /* UIColor+Extensions.swift */ = {isa = PBXFileReference; fileEncoding = 4; lastKnownFileType = sourcecode.swift; path = "UIColor+Extensions.swift"; sourceTree = "<group>"; };
		553F7B911D5DC8E800541F38 /* CAGradientLayer+Extensions.swift */ = {isa = PBXFileReference; fileEncoding = 4; lastKnownFileType = sourcecode.swift; path = "CAGradientLayer+Extensions.swift"; sourceTree = "<group>"; };
		553F7B941D5DC98600541F38 /* FadeInSegue.swift */ = {isa = PBXFileReference; fileEncoding = 4; lastKnownFileType = sourcecode.swift; path = FadeInSegue.swift; sourceTree = "<group>"; };
		553F7B971D5DC9B900541F38 /* FadeAnimator.swift */ = {isa = PBXFileReference; fileEncoding = 4; lastKnownFileType = sourcecode.swift; path = FadeAnimator.swift; sourceTree = "<group>"; };
		553F7B9A1D5DCA0700541F38 /* LoginStoryboard.storyboard */ = {isa = PBXFileReference; fileEncoding = 4; lastKnownFileType = file.storyboard; path = LoginStoryboard.storyboard; sourceTree = "<group>"; };
		553F7BA01D5DD0C500541F38 /* en */ = {isa = PBXFileReference; lastKnownFileType = text.plist.strings; name = en; path = en.lproj/Login.strings; sourceTree = "<group>"; };
		553F7BA21D5DD0D200541F38 /* ru */ = {isa = PBXFileReference; lastKnownFileType = text.plist.strings; name = ru; path = ru.lproj/Login.strings; sourceTree = "<group>"; };
		553F7BA31D5DD0EE00541F38 /* String+Extensions.swift */ = {isa = PBXFileReference; fileEncoding = 4; lastKnownFileType = sourcecode.swift; path = "String+Extensions.swift"; sourceTree = "<group>"; };
		553F7BAE1D5DE7D800541F38 /* TwitterSession.swift */ = {isa = PBXFileReference; fileEncoding = 4; lastKnownFileType = sourcecode.swift; path = TwitterSession.swift; sourceTree = "<group>"; };
		553F7BAF1D5DE7D800541F38 /* TwitterSessionImpl.swift */ = {isa = PBXFileReference; fileEncoding = 4; lastKnownFileType = sourcecode.swift; path = TwitterSessionImpl.swift; sourceTree = "<group>"; };
		553F7BB31D5DE7EE00541F38 /* SocialAccountsService.swift */ = {isa = PBXFileReference; fileEncoding = 4; lastKnownFileType = sourcecode.swift; path = SocialAccountsService.swift; sourceTree = "<group>"; };
		553F7BB51D5DE85B00541F38 /* SocialAccountsServiceImpl.swift */ = {isa = PBXFileReference; fileEncoding = 4; lastKnownFileType = sourcecode.swift; path = SocialAccountsServiceImpl.swift; sourceTree = "<group>"; };
		553F7BB71D5DE94200541F38 /* CoreServicesAssembly.swift */ = {isa = PBXFileReference; fileEncoding = 4; lastKnownFileType = sourcecode.swift; path = CoreServicesAssembly.swift; sourceTree = "<group>"; };
		6AADD66E20488720C9693357 /* Pods-TweetSpot.debug.xcconfig */ = {isa = PBXFileReference; includeInIndex = 1; lastKnownFileType = text.xcconfig; name = "Pods-TweetSpot.debug.xcconfig"; path = "Pods/Target Support Files/Pods-TweetSpot/Pods-TweetSpot.debug.xcconfig"; sourceTree = "<group>"; };
		73E57FCA510F2E64268DFFB1 /* LoginViewInput.swift */ = {isa = PBXFileReference; includeInIndex = 1; lastKnownFileType = sourcecode.swift; path = LoginViewInput.swift; sourceTree = "<group>"; };
		925AB2EC06AA8DF3F1E9FAA4 /* LoginViewController.swift */ = {isa = PBXFileReference; includeInIndex = 1; lastKnownFileType = sourcecode.swift; path = LoginViewController.swift; sourceTree = "<group>"; };
		A352E74613D34DF29C9D509E /* LoginInteractorInput.swift */ = {isa = PBXFileReference; includeInIndex = 1; lastKnownFileType = sourcecode.swift; path = LoginInteractorInput.swift; sourceTree = "<group>"; };
		AB2C826A2427286160339FEE /* LoginPresenter.swift */ = {isa = PBXFileReference; includeInIndex = 1; lastKnownFileType = sourcecode.swift; path = LoginPresenter.swift; sourceTree = "<group>"; };
		C854C7EC496D353EA5482B82 /* LoginAssembly.swift */ = {isa = PBXFileReference; includeInIndex = 1; lastKnownFileType = sourcecode.swift; path = LoginAssembly.swift; sourceTree = "<group>"; };
		EC908E15534B9C55897CC48D /* Pods_TweetSpot.framework */ = {isa = PBXFileReference; explicitFileType = wrapper.framework; includeInIndex = 0; path = Pods_TweetSpot.framework; sourceTree = BUILT_PRODUCTS_DIR; };
		EDFA1CFD2DBF26E79CEFB095 /* LoginInteractor.swift */ = {isa = PBXFileReference; includeInIndex = 1; lastKnownFileType = sourcecode.swift; path = LoginInteractor.swift; sourceTree = "<group>"; };
		FEEBF983C6D999B04D27BE91 /* Pods-TweetSpot.release.xcconfig */ = {isa = PBXFileReference; includeInIndex = 1; lastKnownFileType = text.xcconfig; name = "Pods-TweetSpot.release.xcconfig"; path = "Pods/Target Support Files/Pods-TweetSpot/Pods-TweetSpot.release.xcconfig"; sourceTree = "<group>"; };
/* End PBXFileReference section */

/* Begin PBXFrameworksBuildPhase section */
		553F7B2B1D5DB71200541F38 /* Frameworks */ = {
			isa = PBXFrameworksBuildPhase;
			buildActionMask = 2147483647;
			files = (
				10DE3B91554135AC09E28FDA /* Pods_TweetSpot.framework in Frameworks */,
			);
			runOnlyForDeploymentPostprocessing = 0;
		};
		553F7B3F1D5DB71200541F38 /* Frameworks */ = {
			isa = PBXFrameworksBuildPhase;
			buildActionMask = 2147483647;
			files = (
			);
			runOnlyForDeploymentPostprocessing = 0;
		};
/* End PBXFrameworksBuildPhase section */

/* Begin PBXGroup section */
		01391CF6D41992F62BB91700 /* Pods */ = {
			isa = PBXGroup;
			children = (
				6AADD66E20488720C9693357 /* Pods-TweetSpot.debug.xcconfig */,
				FEEBF983C6D999B04D27BE91 /* Pods-TweetSpot.release.xcconfig */,
			);
			name = Pods;
			sourceTree = "<group>";
		};
		553F7B251D5DB71200541F38 = {
			isa = PBXGroup;
			children = (
				553F7B301D5DB71200541F38 /* TweetSpot */,
				553F7B451D5DB71200541F38 /* TweetSpotTests */,
				553F7B2F1D5DB71200541F38 /* Products */,
				01391CF6D41992F62BB91700 /* Pods */,
				5DF0C569B6AB1E1F306F1C51 /* Frameworks */,
			);
			sourceTree = "<group>";
		};
		553F7B2F1D5DB71200541F38 /* Products */ = {
			isa = PBXGroup;
			children = (
				553F7B2E1D5DB71200541F38 /* TweetSpot.app */,
				553F7B421D5DB71200541F38 /* TweetSpotTests.xctest */,
			);
			name = Products;
			sourceTree = "<group>";
		};
		553F7B301D5DB71200541F38 /* TweetSpot */ = {
			isa = PBXGroup;
			children = (
				553F7B571D5DBAD700541F38 /* Classes */,
				553F7B741D5DBAD700541F38 /* Resources */,
				553F7B771D5DBAD700541F38 /* SupportingFiles */,
			);
			path = TweetSpot;
			sourceTree = "<group>";
		};
		553F7B451D5DB71200541F38 /* TweetSpotTests */ = {
			isa = PBXGroup;
			children = (
				553F7B461D5DB71200541F38 /* TweetSpotTests.swift */,
				553F7B481D5DB71200541F38 /* Info.plist */,
			);
			path = TweetSpotTests;
			sourceTree = "<group>";
		};
		553F7B571D5DBAD700541F38 /* Classes */ = {
			isa = PBXGroup;
			children = (
				553F7B711D5DBAD700541F38 /* Utils */,
				553F7B5A1D5DBAD700541F38 /* Presentation */,
				553F7B581D5DBAD700541F38 /* Application */,
				553F7BA51D5DE54A00541F38 /* Core */,
			);
			path = Classes;
			sourceTree = "<group>";
		};
		553F7B581D5DBAD700541F38 /* Application */ = {
			isa = PBXGroup;
			children = (
				553F7B8A1D5DBB3100541F38 /* ApplicationAssembly.swift */,
				553F7B8C1D5DBB4D00541F38 /* AppDelegate */,
			);
			path = Application;
			sourceTree = "<group>";
		};
		553F7B5A1D5DBAD700541F38 /* Presentation */ = {
			isa = PBXGroup;
			children = (
				553F7B5F1D5DBAD700541F38 /* Stories */,
				553F7B5B1D5DBAD700541F38 /* LaunchScreen.storyboard */,
				553F7B5D1D5DBAD700541F38 /* Main.storyboard */,
			);
			path = Presentation;
			sourceTree = "<group>";
		};
		553F7B5F1D5DBAD700541F38 /* Stories */ = {
			isa = PBXGroup;
			children = (
				553F7B601D5DBAD700541F38 /* NavigationRoot */,
				A1E4A9681499E3A34BA17852 /* Login */,
			);
			path = Stories;
			sourceTree = "<group>";
		};
		553F7B601D5DBAD700541F38 /* NavigationRoot */ = {
			isa = PBXGroup;
			children = (
				553F7B611D5DBAD700541F38 /* Assembly */,
				553F7B631D5DBAD700541F38 /* Interactor */,
				553F7B671D5DBAD700541F38 /* Presenter */,
				553F7B6A1D5DBAD700541F38 /* Router */,
				553F7B6D1D5DBAD700541F38 /* View */,
			);
			path = NavigationRoot;
			sourceTree = "<group>";
		};
		553F7B611D5DBAD700541F38 /* Assembly */ = {
			isa = PBXGroup;
			children = (
				553F7B621D5DBAD700541F38 /* NavigationRootAssembly.swift */,
			);
			path = Assembly;
			sourceTree = "<group>";
		};
		553F7B631D5DBAD700541F38 /* Interactor */ = {
			isa = PBXGroup;
			children = (
				553F7B641D5DBAD700541F38 /* NavigationRootInteractor.swift */,
				553F7B651D5DBAD700541F38 /* NavigationRootInteractorInput.swift */,
				553F7B661D5DBAD700541F38 /* NavigationRootInteractorOutput.swift */,
			);
			path = Interactor;
			sourceTree = "<group>";
		};
		553F7B671D5DBAD700541F38 /* Presenter */ = {
			isa = PBXGroup;
			children = (
				553F7B681D5DBAD700541F38 /* NavigationRootModuleInput.swift */,
				553F7B691D5DBAD700541F38 /* NavigationRootPresenter.swift */,
			);
			path = Presenter;
			sourceTree = "<group>";
		};
		553F7B6A1D5DBAD700541F38 /* Router */ = {
			isa = PBXGroup;
			children = (
				553F7B6B1D5DBAD700541F38 /* NavigationRootRouter.swift */,
				553F7B6C1D5DBAD700541F38 /* NavigationRootRouterInput.swift */,
			);
			path = Router;
			sourceTree = "<group>";
		};
		553F7B6D1D5DBAD700541F38 /* View */ = {
			isa = PBXGroup;
			children = (
				553F7B6E1D5DBAD700541F38 /* NavigationRootViewController.swift */,
				553F7B6F1D5DBAD700541F38 /* NavigationRootViewInput.swift */,
				553F7B701D5DBAD700541F38 /* NavigationRootViewOutput.swift */,
			);
			path = View;
			sourceTree = "<group>";
		};
		553F7B711D5DBAD700541F38 /* Utils */ = {
			isa = PBXGroup;
			children = (
				553F7B721D5DBAD700541F38 /* Extensionns */,
				553F7B931D5DC97D00541F38 /* Segues */,
				553F7B961D5DC9AB00541F38 /* Animators */,
			);
			path = Utils;
			sourceTree = "<group>";
		};
		553F7B721D5DBAD700541F38 /* Extensionns */ = {
			isa = PBXGroup;
			children = (
				553F7B731D5DBAD700541F38 /* TyphoonDefinition+Extensions.swift */,
				553F7B8F1D5DBF2D00541F38 /* UIColor+Extensions.swift */,
				553F7B911D5DC8E800541F38 /* CAGradientLayer+Extensions.swift */,
				553F7BA31D5DD0EE00541F38 /* String+Extensions.swift */,
			);
			path = Extensionns;
			sourceTree = "<group>";
		};
		553F7B741D5DBAD700541F38 /* Resources */ = {
			isa = PBXGroup;
			children = (
				553F7B9C1D5DD07100541F38 /* Strings */,
				553F7B751D5DBAD700541F38 /* Images */,
			);
			path = Resources;
			sourceTree = "<group>";
		};
		553F7B751D5DBAD700541F38 /* Images */ = {
			isa = PBXGroup;
			children = (
				553F7B761D5DBAD700541F38 /* Assets.xcassets */,
			);
			path = Images;
			sourceTree = "<group>";
		};
		553F7B771D5DBAD700541F38 /* SupportingFiles */ = {
			isa = PBXGroup;
			children = (
				553F7B781D5DBAD700541F38 /* Info.plist */,
			);
			path = SupportingFiles;
			sourceTree = "<group>";
		};
		553F7B8C1D5DBB4D00541F38 /* AppDelegate */ = {
			isa = PBXGroup;
			children = (
				553F7B8D1D5DBB5900541F38 /* AppDelegate.swift */,
			);
			path = AppDelegate;
			sourceTree = "<group>";
		};
		553F7B931D5DC97D00541F38 /* Segues */ = {
			isa = PBXGroup;
			children = (
				553F7B941D5DC98600541F38 /* FadeInSegue.swift */,
			);
			path = Segues;
			sourceTree = "<group>";
		};
		553F7B961D5DC9AB00541F38 /* Animators */ = {
			isa = PBXGroup;
			children = (
				553F7B971D5DC9B900541F38 /* FadeAnimator.swift */,
			);
			path = Animators;
			sourceTree = "<group>";
		};
		553F7B991D5DC9FC00541F38 /* Stroryboard */ = {
			isa = PBXGroup;
			children = (
				553F7B9A1D5DCA0700541F38 /* LoginStoryboard.storyboard */,
			);
			path = Stroryboard;
			sourceTree = "<group>";
		};
		553F7B9C1D5DD07100541F38 /* Strings */ = {
			isa = PBXGroup;
			children = (
				553F7BA11D5DD0C500541F38 /* Login.strings */,
			);
			path = Strings;
			sourceTree = "<group>";
		};
		553F7BA51D5DE54A00541F38 /* Core */ = {
			isa = PBXGroup;
			children = (
				553F7BB71D5DE94200541F38 /* CoreServicesAssembly.swift */,
				553F7BB21D5DE7E400541F38 /* SocialAccountsService */,
				553F7BAC1D5DE7D800541F38 /* Domain */,
			);
			path = Core;
			sourceTree = "<group>";
		};
		553F7BAC1D5DE7D800541F38 /* Domain */ = {
			isa = PBXGroup;
			children = (
				553F7BAD1D5DE7D800541F38 /* TwitterSession */,
			);
			path = Domain;
			sourceTree = "<group>";
		};
		553F7BAD1D5DE7D800541F38 /* TwitterSession */ = {
			isa = PBXGroup;
			children = (
				553F7BAE1D5DE7D800541F38 /* TwitterSession.swift */,
				553F7BAF1D5DE7D800541F38 /* TwitterSessionImpl.swift */,
			);
			path = TwitterSession;
			sourceTree = "<group>";
		};
		553F7BB21D5DE7E400541F38 /* SocialAccountsService */ = {
			isa = PBXGroup;
			children = (
				553F7BB31D5DE7EE00541F38 /* SocialAccountsService.swift */,
				553F7BB51D5DE85B00541F38 /* SocialAccountsServiceImpl.swift */,
			);
			path = SocialAccountsService;
			sourceTree = "<group>";
		};
		5DF0C569B6AB1E1F306F1C51 /* Frameworks */ = {
			isa = PBXGroup;
			children = (
				EC908E15534B9C55897CC48D /* Pods_TweetSpot.framework */,
			);
			name = Frameworks;
			sourceTree = "<group>";
		};
		828C968F17755E240CD399AC /* Router */ = {
			isa = PBXGroup;
			children = (
				29201C8450BEB5508DF0EFB8 /* LoginRouterInput.swift */,
				2DAA5A84F566ADC6C923BB15 /* LoginRouter.swift */,
			);
			path = Router;
			sourceTree = "<group>";
		};
		98428096C66F8C9C53A48047 /* Interactor */ = {
			isa = PBXGroup;
			children = (
				A352E74613D34DF29C9D509E /* LoginInteractorInput.swift */,
				0C492B261654B8E581FA4DA1 /* LoginInteractorOutput.swift */,
				EDFA1CFD2DBF26E79CEFB095 /* LoginInteractor.swift */,
			);
			path = Interactor;
			sourceTree = "<group>";
		};
		9E57476CF744D16066EA6DBA /* Presenter */ = {
			isa = PBXGroup;
			children = (
				31CA2E1B4D8C00A745E46D00 /* LoginModuleInput.swift */,
				AB2C826A2427286160339FEE /* LoginPresenter.swift */,
			);
			path = Presenter;
			sourceTree = "<group>";
		};
		A1E4A9681499E3A34BA17852 /* Login */ = {
			isa = PBXGroup;
			children = (
				A9C186A9A3243CE327A14B85 /* Assembly */,
				D08A3CA01F560D0A3EA83B51 /* View */,
				9E57476CF744D16066EA6DBA /* Presenter */,
				98428096C66F8C9C53A48047 /* Interactor */,
				828C968F17755E240CD399AC /* Router */,
				553F7B991D5DC9FC00541F38 /* Stroryboard */,
			);
			path = Login;
			sourceTree = "<group>";
		};
		A9C186A9A3243CE327A14B85 /* Assembly */ = {
			isa = PBXGroup;
			children = (
				C854C7EC496D353EA5482B82 /* LoginAssembly.swift */,
			);
			path = Assembly;
			sourceTree = "<group>";
		};
		D08A3CA01F560D0A3EA83B51 /* View */ = {
			isa = PBXGroup;
			children = (
				73E57FCA510F2E64268DFFB1 /* LoginViewInput.swift */,
				34178EC6BAD21268D642847C /* LoginViewOutput.swift */,
				925AB2EC06AA8DF3F1E9FAA4 /* LoginViewController.swift */,
			);
			path = View;
			sourceTree = "<group>";
		};
/* End PBXGroup section */

/* Begin PBXNativeTarget section */
		553F7B2D1D5DB71200541F38 /* TweetSpot */ = {
			isa = PBXNativeTarget;
			buildConfigurationList = 553F7B4B1D5DB71200541F38 /* Build configuration list for PBXNativeTarget "TweetSpot" */;
			buildPhases = (
				CE43A298A02882F92E6FA080 /* [CP] Check Pods Manifest.lock */,
				553F7B2A1D5DB71200541F38 /* Sources */,
				553F7B2B1D5DB71200541F38 /* Frameworks */,
				553F7B2C1D5DB71200541F38 /* Resources */,
				BFF30FBB79B5F57EF2D66A8F /* [CP] Embed Pods Frameworks */,
				FBB78CE276A00D26C8391FCE /* [CP] Copy Pods Resources */,
			);
			buildRules = (
			);
			dependencies = (
			);
			name = TweetSpot;
			productName = TweetSpot;
			productReference = 553F7B2E1D5DB71200541F38 /* TweetSpot.app */;
			productType = "com.apple.product-type.application";
		};
		553F7B411D5DB71200541F38 /* TweetSpotTests */ = {
			isa = PBXNativeTarget;
			buildConfigurationList = 553F7B4E1D5DB71200541F38 /* Build configuration list for PBXNativeTarget "TweetSpotTests" */;
			buildPhases = (
				553F7B3E1D5DB71200541F38 /* Sources */,
				553F7B3F1D5DB71200541F38 /* Frameworks */,
				553F7B401D5DB71200541F38 /* Resources */,
			);
			buildRules = (
			);
			dependencies = (
				553F7B441D5DB71200541F38 /* PBXTargetDependency */,
			);
			name = TweetSpotTests;
			productName = TweetSpotTests;
			productReference = 553F7B421D5DB71200541F38 /* TweetSpotTests.xctest */;
			productType = "com.apple.product-type.bundle.unit-test";
		};
/* End PBXNativeTarget section */

/* Begin PBXProject section */
		553F7B261D5DB71200541F38 /* Project object */ = {
			isa = PBXProject;
			attributes = {
				LastSwiftUpdateCheck = 0730;
				LastUpgradeCheck = 0730;
				ORGANIZATIONNAME = "Andrey Yashnev";
				TargetAttributes = {
					553F7B2D1D5DB71200541F38 = {
						CreatedOnToolsVersion = 7.3.1;
						DevelopmentTeam = 7FQDGGDR62;
					};
					553F7B411D5DB71200541F38 = {
						CreatedOnToolsVersion = 7.3.1;
						TestTargetID = 553F7B2D1D5DB71200541F38;
					};
				};
			};
			buildConfigurationList = 553F7B291D5DB71200541F38 /* Build configuration list for PBXProject "TweetSpot" */;
			compatibilityVersion = "Xcode 3.2";
			developmentRegion = English;
			hasScannedForEncodings = 0;
			knownRegions = (
				en,
				Base,
				ru,
			);
			mainGroup = 553F7B251D5DB71200541F38;
			productRefGroup = 553F7B2F1D5DB71200541F38 /* Products */;
			projectDirPath = "";
			projectRoot = "";
			targets = (
				553F7B2D1D5DB71200541F38 /* TweetSpot */,
				553F7B411D5DB71200541F38 /* TweetSpotTests */,
			);
		};
/* End PBXProject section */

/* Begin PBXResourcesBuildPhase section */
		553F7B2C1D5DB71200541F38 /* Resources */ = {
			isa = PBXResourcesBuildPhase;
			buildActionMask = 2147483647;
			files = (
				553F7B9B1D5DCA0700541F38 /* LoginStoryboard.storyboard in Resources */,
				553F7B7A1D5DBAD700541F38 /* LaunchScreen.storyboard in Resources */,
				553F7B881D5DBAD700541F38 /* Assets.xcassets in Resources */,
				553F7B9F1D5DD0C500541F38 /* Login.strings in Resources */,
				553F7B7B1D5DBAD700541F38 /* Main.storyboard in Resources */,
			);
			runOnlyForDeploymentPostprocessing = 0;
		};
		553F7B401D5DB71200541F38 /* Resources */ = {
			isa = PBXResourcesBuildPhase;
			buildActionMask = 2147483647;
			files = (
			);
			runOnlyForDeploymentPostprocessing = 0;
		};
/* End PBXResourcesBuildPhase section */

/* Begin PBXShellScriptBuildPhase section */
		BFF30FBB79B5F57EF2D66A8F /* [CP] Embed Pods Frameworks */ = {
			isa = PBXShellScriptBuildPhase;
			buildActionMask = 2147483647;
			files = (
			);
			inputPaths = (
			);
			name = "[CP] Embed Pods Frameworks";
			outputPaths = (
			);
			runOnlyForDeploymentPostprocessing = 0;
			shellPath = /bin/sh;
			shellScript = "\"${SRCROOT}/Pods/Target Support Files/Pods-TweetSpot/Pods-TweetSpot-frameworks.sh\"\n";
			showEnvVarsInLog = 0;
		};
		CE43A298A02882F92E6FA080 /* [CP] Check Pods Manifest.lock */ = {
			isa = PBXShellScriptBuildPhase;
			buildActionMask = 2147483647;
			files = (
			);
			inputPaths = (
			);
			name = "[CP] Check Pods Manifest.lock";
			outputPaths = (
			);
			runOnlyForDeploymentPostprocessing = 0;
			shellPath = /bin/sh;
			shellScript = "diff \"${PODS_ROOT}/../Podfile.lock\" \"${PODS_ROOT}/Manifest.lock\" > /dev/null\nif [[ $? != 0 ]] ; then\n    cat << EOM\nerror: The sandbox is not in sync with the Podfile.lock. Run 'pod install' or update your CocoaPods installation.\nEOM\n    exit 1\nfi\n";
			showEnvVarsInLog = 0;
		};
		FBB78CE276A00D26C8391FCE /* [CP] Copy Pods Resources */ = {
			isa = PBXShellScriptBuildPhase;
			buildActionMask = 2147483647;
			files = (
			);
			inputPaths = (
			);
			name = "[CP] Copy Pods Resources";
			outputPaths = (
			);
			runOnlyForDeploymentPostprocessing = 0;
			shellPath = /bin/sh;
			shellScript = "\"${SRCROOT}/Pods/Target Support Files/Pods-TweetSpot/Pods-TweetSpot-resources.sh\"\n";
			showEnvVarsInLog = 0;
		};
/* End PBXShellScriptBuildPhase section */

/* Begin PBXSourcesBuildPhase section */
		553F7B2A1D5DB71200541F38 /* Sources */ = {
			isa = PBXSourcesBuildPhase;
			buildActionMask = 2147483647;
			files = (
				553F7B951D5DC98600541F38 /* FadeInSegue.swift in Sources */,
				553F7B7F1D5DBAD700541F38 /* NavigationRootInteractorOutput.swift in Sources */,
				553F7B901D5DBF2D00541F38 /* UIColor+Extensions.swift in Sources */,
				553F7BB01D5DE7D800541F38 /* TwitterSession.swift in Sources */,
				553F7B831D5DBAD700541F38 /* NavigationRootRouterInput.swift in Sources */,
				553F7B821D5DBAD700541F38 /* NavigationRootRouter.swift in Sources */,
				553F7BB81D5DE94300541F38 /* CoreServicesAssembly.swift in Sources */,
				553F7B8B1D5DBB3100541F38 /* ApplicationAssembly.swift in Sources */,
				553F7B8E1D5DBB5900541F38 /* AppDelegate.swift in Sources */,
				553F7B871D5DBAD700541F38 /* TyphoonDefinition+Extensions.swift in Sources */,
				553F7B921D5DC8E800541F38 /* CAGradientLayer+Extensions.swift in Sources */,
				553F7B7E1D5DBAD700541F38 /* NavigationRootInteractorInput.swift in Sources */,
				553F7BA41D5DD0EE00541F38 /* String+Extensions.swift in Sources */,
				553F7B7C1D5DBAD700541F38 /* NavigationRootAssembly.swift in Sources */,
				553F7B801D5DBAD700541F38 /* NavigationRootModuleInput.swift in Sources */,
				553F7B811D5DBAD700541F38 /* NavigationRootPresenter.swift in Sources */,
				553F7B841D5DBAD700541F38 /* NavigationRootViewController.swift in Sources */,
				553F7B861D5DBAD700541F38 /* NavigationRootViewOutput.swift in Sources */,
				553F7B851D5DBAD700541F38 /* NavigationRootViewInput.swift in Sources */,
				553F7BB61D5DE85B00541F38 /* SocialAccountsServiceImpl.swift in Sources */,
				553F7B7D1D5DBAD700541F38 /* NavigationRootInteractor.swift in Sources */,
				D606B5C4423C7A5C906D18E4 /* LoginAssembly.swift in Sources */,
				0C600FEF96A9DAA29AFE29DA /* LoginViewInput.swift in Sources */,
				5E1C4BE8DA3AF9D19CF00FB5 /* LoginViewOutput.swift in Sources */,
				4D2AE8BBF63A3ECA88039CF5 /* LoginViewController.swift in Sources */,
				63D4587548BBE2D1980ED093 /* LoginModuleInput.swift in Sources */,
				C2B66D6AF2DCD980C2338BA7 /* LoginPresenter.swift in Sources */,
				553F7B981D5DC9B900541F38 /* FadeAnimator.swift in Sources */,
				43D39CCE68291FA56D85DCD9 /* LoginInteractorInput.swift in Sources */,
				2F6B9B3145F852C644E231A5 /* LoginInteractorOutput.swift in Sources */,
				553F7BB11D5DE7D800541F38 /* TwitterSessionImpl.swift in Sources */,
				A8668A4869942910B58DD3B7 /* LoginInteractor.swift in Sources */,
				00ED40C1B3A1B86EC86EED9E /* LoginRouterInput.swift in Sources */,
				3CB6F2D1B911272743922AEB /* LoginRouter.swift in Sources */,
				553F7BB41D5DE7EE00541F38 /* SocialAccountsService.swift in Sources */,
			);
			runOnlyForDeploymentPostprocessing = 0;
		};
		553F7B3E1D5DB71200541F38 /* Sources */ = {
			isa = PBXSourcesBuildPhase;
			buildActionMask = 2147483647;
			files = (
				553F7B471D5DB71200541F38 /* TweetSpotTests.swift in Sources */,
			);
			runOnlyForDeploymentPostprocessing = 0;
		};
/* End PBXSourcesBuildPhase section */

/* Begin PBXTargetDependency section */
		553F7B441D5DB71200541F38 /* PBXTargetDependency */ = {
			isa = PBXTargetDependency;
			target = 553F7B2D1D5DB71200541F38 /* TweetSpot */;
			targetProxy = 553F7B431D5DB71200541F38 /* PBXContainerItemProxy */;
		};
/* End PBXTargetDependency section */

/* Begin PBXVariantGroup section */
		553F7B5B1D5DBAD700541F38 /* LaunchScreen.storyboard */ = {
			isa = PBXVariantGroup;
			children = (
				553F7B5C1D5DBAD700541F38 /* Base */,
			);
			name = LaunchScreen.storyboard;
			sourceTree = "<group>";
		};
		553F7B5D1D5DBAD700541F38 /* Main.storyboard */ = {
			isa = PBXVariantGroup;
			children = (
				553F7B5E1D5DBAD700541F38 /* Base */,
			);
			name = Main.storyboard;
			sourceTree = "<group>";
		};
		553F7BA11D5DD0C500541F38 /* Login.strings */ = {
			isa = PBXVariantGroup;
			children = (
				553F7BA01D5DD0C500541F38 /* en */,
				553F7BA21D5DD0D200541F38 /* ru */,
			);
			name = Login.strings;
			sourceTree = "<group>";
		};
/* End PBXVariantGroup section */

/* Begin XCBuildConfiguration section */
		553F7B491D5DB71200541F38 /* Debug */ = {
			isa = XCBuildConfiguration;
			buildSettings = {
				ALWAYS_SEARCH_USER_PATHS = NO;
				CLANG_ANALYZER_NONNULL = YES;
				CLANG_CXX_LANGUAGE_STANDARD = "gnu++0x";
				CLANG_CXX_LIBRARY = "libc++";
				CLANG_ENABLE_MODULES = YES;
				CLANG_ENABLE_OBJC_ARC = YES;
				CLANG_WARN_BOOL_CONVERSION = YES;
				CLANG_WARN_CONSTANT_CONVERSION = YES;
				CLANG_WARN_DIRECT_OBJC_ISA_USAGE = YES_ERROR;
				CLANG_WARN_EMPTY_BODY = YES;
				CLANG_WARN_ENUM_CONVERSION = YES;
				CLANG_WARN_INT_CONVERSION = YES;
				CLANG_WARN_OBJC_ROOT_CLASS = YES_ERROR;
				CLANG_WARN_UNREACHABLE_CODE = YES;
				CLANG_WARN__DUPLICATE_METHOD_MATCH = YES;
				"CODE_SIGN_IDENTITY[sdk=iphoneos*]" = "iPhone Developer";
				COPY_PHASE_STRIP = NO;
				DEBUG_INFORMATION_FORMAT = dwarf;
				ENABLE_STRICT_OBJC_MSGSEND = YES;
				ENABLE_TESTABILITY = YES;
				GCC_C_LANGUAGE_STANDARD = gnu99;
				GCC_DYNAMIC_NO_PIC = NO;
				GCC_NO_COMMON_BLOCKS = YES;
				GCC_OPTIMIZATION_LEVEL = 0;
				GCC_PREPROCESSOR_DEFINITIONS = (
					"DEBUG=1",
					"$(inherited)",
				);
				GCC_WARN_64_TO_32_BIT_CONVERSION = YES;
				GCC_WARN_ABOUT_RETURN_TYPE = YES_ERROR;
				GCC_WARN_UNDECLARED_SELECTOR = YES;
				GCC_WARN_UNINITIALIZED_AUTOS = YES_AGGRESSIVE;
				GCC_WARN_UNUSED_FUNCTION = YES;
				GCC_WARN_UNUSED_VARIABLE = YES;
				IPHONEOS_DEPLOYMENT_TARGET = 9.3;
				MTL_ENABLE_DEBUG_INFO = YES;
				ONLY_ACTIVE_ARCH = YES;
				OTHER_SWIFT_FLAGS = "-DDEBUG";
				SDKROOT = iphoneos;
				SWIFT_OPTIMIZATION_LEVEL = "-Onone";
			};
			name = Debug;
		};
		553F7B4A1D5DB71200541F38 /* Release */ = {
			isa = XCBuildConfiguration;
			buildSettings = {
				ALWAYS_SEARCH_USER_PATHS = NO;
				CLANG_ANALYZER_NONNULL = YES;
				CLANG_CXX_LANGUAGE_STANDARD = "gnu++0x";
				CLANG_CXX_LIBRARY = "libc++";
				CLANG_ENABLE_MODULES = YES;
				CLANG_ENABLE_OBJC_ARC = YES;
				CLANG_WARN_BOOL_CONVERSION = YES;
				CLANG_WARN_CONSTANT_CONVERSION = YES;
				CLANG_WARN_DIRECT_OBJC_ISA_USAGE = YES_ERROR;
				CLANG_WARN_EMPTY_BODY = YES;
				CLANG_WARN_ENUM_CONVERSION = YES;
				CLANG_WARN_INT_CONVERSION = YES;
				CLANG_WARN_OBJC_ROOT_CLASS = YES_ERROR;
				CLANG_WARN_UNREACHABLE_CODE = YES;
				CLANG_WARN__DUPLICATE_METHOD_MATCH = YES;
				"CODE_SIGN_IDENTITY[sdk=iphoneos*]" = "iPhone Developer";
				COPY_PHASE_STRIP = NO;
				DEBUG_INFORMATION_FORMAT = "dwarf-with-dsym";
				ENABLE_NS_ASSERTIONS = NO;
				ENABLE_STRICT_OBJC_MSGSEND = YES;
				GCC_C_LANGUAGE_STANDARD = gnu99;
				GCC_NO_COMMON_BLOCKS = YES;
				GCC_WARN_64_TO_32_BIT_CONVERSION = YES;
				GCC_WARN_ABOUT_RETURN_TYPE = YES_ERROR;
				GCC_WARN_UNDECLARED_SELECTOR = YES;
				GCC_WARN_UNINITIALIZED_AUTOS = YES_AGGRESSIVE;
				GCC_WARN_UNUSED_FUNCTION = YES;
				GCC_WARN_UNUSED_VARIABLE = YES;
				IPHONEOS_DEPLOYMENT_TARGET = 9.3;
				MTL_ENABLE_DEBUG_INFO = NO;
				OTHER_SWIFT_FLAGS = "-DRELEASE";
				SDKROOT = iphoneos;
				VALIDATE_PRODUCT = YES;
			};
			name = Release;
		};
		553F7B4C1D5DB71200541F38 /* Debug */ = {
			isa = XCBuildConfiguration;
			baseConfigurationReference = 6AADD66E20488720C9693357 /* Pods-TweetSpot.debug.xcconfig */;
			buildSettings = {
				ASSETCATALOG_COMPILER_APPICON_NAME = AppIcon;
				CODE_SIGN_IDENTITY = "iPhone Developer";
				"CODE_SIGN_IDENTITY[sdk=iphoneos*]" = "iPhone Developer";
				GCC_TREAT_WARNINGS_AS_ERRORS = YES;
				INFOPLIST_FILE = "$(SRCROOT)/TweetSpot/SupportingFiles/Info.plist";
				IPHONEOS_DEPLOYMENT_TARGET = 8.0;
				LD_RUNPATH_SEARCH_PATHS = "$(inherited) @executable_path/Frameworks";
				PRODUCT_BUNDLE_IDENTIFIER = com.andjash.TweetSpot;
				PRODUCT_NAME = "$(TARGET_NAME)";
				PROVISIONING_PROFILE = "";
			};
			name = Debug;
		};
		553F7B4D1D5DB71200541F38 /* Release */ = {
			isa = XCBuildConfiguration;
			baseConfigurationReference = FEEBF983C6D999B04D27BE91 /* Pods-TweetSpot.release.xcconfig */;
			buildSettings = {
				ASSETCATALOG_COMPILER_APPICON_NAME = AppIcon;
				CODE_SIGN_IDENTITY = "iPhone Developer";
				"CODE_SIGN_IDENTITY[sdk=iphoneos*]" = "iPhone Developer";
				GCC_TREAT_WARNINGS_AS_ERRORS = YES;
				INFOPLIST_FILE = "$(SRCROOT)/TweetSpot/SupportingFiles/Info.plist";
				IPHONEOS_DEPLOYMENT_TARGET = 8.0;
				LD_RUNPATH_SEARCH_PATHS = "$(inherited) @executable_path/Frameworks";
				PRODUCT_BUNDLE_IDENTIFIER = com.andjash.TweetSpot;
				PRODUCT_NAME = "$(TARGET_NAME)";
				PROVISIONING_PROFILE = "";
			};
			name = Release;
		};
		553F7B4F1D5DB71200541F38 /* Debug */ = {
			isa = XCBuildConfiguration;
			buildSettings = {
				BUNDLE_LOADER = "$(TEST_HOST)";
				INFOPLIST_FILE = TweetSpotTests/Info.plist;
				LD_RUNPATH_SEARCH_PATHS = "$(inherited) @executable_path/Frameworks @loader_path/Frameworks";
				PRODUCT_BUNDLE_IDENTIFIER = com.andjash.TweetSpotTests;
				PRODUCT_NAME = "$(TARGET_NAME)";
				TEST_HOST = "$(BUILT_PRODUCTS_DIR)/TweetSpot.app/TweetSpot";
			};
			name = Debug;
		};
		553F7B501D5DB71200541F38 /* Release */ = {
			isa = XCBuildConfiguration;
			buildSettings = {
				BUNDLE_LOADER = "$(TEST_HOST)";
				INFOPLIST_FILE = TweetSpotTests/Info.plist;
				LD_RUNPATH_SEARCH_PATHS = "$(inherited) @executable_path/Frameworks @loader_path/Frameworks";
				PRODUCT_BUNDLE_IDENTIFIER = com.andjash.TweetSpotTests;
				PRODUCT_NAME = "$(TARGET_NAME)";
				TEST_HOST = "$(BUILT_PRODUCTS_DIR)/TweetSpot.app/TweetSpot";
			};
			name = Release;
		};
/* End XCBuildConfiguration section */

/* Begin XCConfigurationList section */
		553F7B291D5DB71200541F38 /* Build configuration list for PBXProject "TweetSpot" */ = {
			isa = XCConfigurationList;
			buildConfigurations = (
				553F7B491D5DB71200541F38 /* Debug */,
				553F7B4A1D5DB71200541F38 /* Release */,
			);
			defaultConfigurationIsVisible = 0;
			defaultConfigurationName = Release;
		};
		553F7B4B1D5DB71200541F38 /* Build configuration list for PBXNativeTarget "TweetSpot" */ = {
			isa = XCConfigurationList;
			buildConfigurations = (
				553F7B4C1D5DB71200541F38 /* Debug */,
				553F7B4D1D5DB71200541F38 /* Release */,
			);
			defaultConfigurationIsVisible = 0;
			defaultConfigurationName = Release;
		};
		553F7B4E1D5DB71200541F38 /* Build configuration list for PBXNativeTarget "TweetSpotTests" */ = {
			isa = XCConfigurationList;
			buildConfigurations = (
				553F7B4F1D5DB71200541F38 /* Debug */,
				553F7B501D5DB71200541F38 /* Release */,
			);
			defaultConfigurationIsVisible = 0;
			defaultConfigurationName = Release;
		};
/* End XCConfigurationList section */
	};
	rootObject = 553F7B261D5DB71200541F38 /* Project object */;
}
