// !$*UTF8*$!
{
	archiveVersion = 1;
	classes = {
	};
	objectVersion = 46;
	objects = {

/* Begin PBXBuildFile section */
		10DE3B91554135AC09E28FDA /* Pods_TweetSpot.framework in Frameworks */ = {isa = PBXBuildFile; fileRef = EC908E15534B9C55897CC48D /* Pods_TweetSpot.framework */; };
		3DEBFDCD70C031FE145759FB /* TweetDetailsViewController.swift in Sources */ = {isa = PBXBuildFile; fileRef = BE01D010498E276BCAFB5AF0 /* TweetDetailsViewController.swift */; };
		553F7B7A1D5DBAD700541F38 /* LaunchScreen.storyboard in Resources */ = {isa = PBXBuildFile; fileRef = 553F7B5B1D5DBAD700541F38 /* LaunchScreen.storyboard */; };
		553F7B7B1D5DBAD700541F38 /* Main.storyboard in Resources */ = {isa = PBXBuildFile; fileRef = 553F7B5D1D5DBAD700541F38 /* Main.storyboard */; };
		553F7B881D5DBAD700541F38 /* Assets.xcassets in Resources */ = {isa = PBXBuildFile; fileRef = 553F7B761D5DBAD700541F38 /* Assets.xcassets */; };
		553F7B8E1D5DBB5900541F38 /* AppDelegate.swift in Sources */ = {isa = PBXBuildFile; fileRef = 553F7B8D1D5DBB5900541F38 /* AppDelegate.swift */; };
		553F7B901D5DBF2D00541F38 /* UIColor+Extensions.swift in Sources */ = {isa = PBXBuildFile; fileRef = 553F7B8F1D5DBF2D00541F38 /* UIColor+Extensions.swift */; };
		553F7B921D5DC8E800541F38 /* CAGradientLayer+Extensions.swift in Sources */ = {isa = PBXBuildFile; fileRef = 553F7B911D5DC8E800541F38 /* CAGradientLayer+Extensions.swift */; };
		553F7B951D5DC98600541F38 /* FadeInSegue.swift in Sources */ = {isa = PBXBuildFile; fileRef = 553F7B941D5DC98600541F38 /* FadeInSegue.swift */; };
		553F7B981D5DC9B900541F38 /* FadeAnimator.swift in Sources */ = {isa = PBXBuildFile; fileRef = 553F7B971D5DC9B900541F38 /* FadeAnimator.swift */; };
		553F7B9F1D5DD0C500541F38 /* Login.strings in Resources */ = {isa = PBXBuildFile; fileRef = 553F7BA11D5DD0C500541F38 /* Login.strings */; };
		553F7BA41D5DD0EE00541F38 /* String+Extensions.swift in Sources */ = {isa = PBXBuildFile; fileRef = 553F7BA31D5DD0EE00541F38 /* String+Extensions.swift */; };
		5554CE3D1D5FAC0F00F82966 /* Settings.strings in Resources */ = {isa = PBXBuildFile; fileRef = 5554CE3F1D5FAC0F00F82966 /* Settings.strings */; };
		55ACBFC01D618B2D00E8C73D /* NSDateFormatter+Extensions.swift in Sources */ = {isa = PBXBuildFile; fileRef = 55ACBFBF1D618B2D00E8C73D /* NSDateFormatter+Extensions.swift */; };
		55B061BB1D5E1DA000490B44 /* Common.strings in Resources */ = {isa = PBXBuildFile; fileRef = 55B061BD1D5E1DA000490B44 /* Common.strings */; };
		55B061C31D5E26E800490B44 /* Errors.strings in Resources */ = {isa = PBXBuildFile; fileRef = 55B061C51D5E26E800490B44 /* Errors.strings */; };
		55B061F31D5F1C7100490B44 /* TweetDTODeserializer.swift in Sources */ = {isa = PBXBuildFile; fileRef = 55B061E01D5F1C7100490B44 /* TweetDTODeserializer.swift */; };
		55B061F41D5F1C7100490B44 /* TwitterDAO.swift in Sources */ = {isa = PBXBuildFile; fileRef = 55B061E11D5F1C7100490B44 /* TwitterDAO.swift */; };
		55B061F51D5F1C7100490B44 /* TwitterDAOImpl.swift in Sources */ = {isa = PBXBuildFile; fileRef = 55B061E21D5F1C7100490B44 /* TwitterDAOImpl.swift */; };
		55B061F61D5F1C7100490B44 /* KeychainSessionCredentialsStorage.swift in Sources */ = {isa = PBXBuildFile; fileRef = 55B061E51D5F1C7100490B44 /* KeychainSessionCredentialsStorage.swift */; };
		55B061F71D5F1C7100490B44 /* TwitterSessionCredentialsStorage.swift in Sources */ = {isa = PBXBuildFile; fileRef = 55B061E61D5F1C7100490B44 /* TwitterSessionCredentialsStorage.swift */; };
		55B061F81D5F1C7100490B44 /* TwitterSession.swift in Sources */ = {isa = PBXBuildFile; fileRef = 55B061E71D5F1C7100490B44 /* TwitterSession.swift */; };
		55B061F91D5F1C7100490B44 /* TwitterSessionImpl.swift in Sources */ = {isa = PBXBuildFile; fileRef = 55B061E81D5F1C7100490B44 /* TwitterSessionImpl.swift */; };
		55B061FA1D5F1C7100490B44 /* SafariTwitterWebAuthHandler.swift in Sources */ = {isa = PBXBuildFile; fileRef = 55B061EA1D5F1C7100490B44 /* SafariTwitterWebAuthHandler.swift */; };
		55B061FB1D5F1C7100490B44 /* TwitterWebAuthHandler.swift in Sources */ = {isa = PBXBuildFile; fileRef = 55B061EB1D5F1C7100490B44 /* TwitterWebAuthHandler.swift */; };
		55B061FD1D5F1C7100490B44 /* SocialAccountsService.swift in Sources */ = {isa = PBXBuildFile; fileRef = 55B061EF1D5F1C7100490B44 /* SocialAccountsService.swift */; };
		55B061FE1D5F1C7100490B44 /* SocialAccountsServiceImpl.swift in Sources */ = {isa = PBXBuildFile; fileRef = 55B061F01D5F1C7100490B44 /* SocialAccountsServiceImpl.swift */; };
		55B062011D5F206000490B44 /* HomeTimelineModel.swift in Sources */ = {isa = PBXBuildFile; fileRef = 55B062001D5F206000490B44 /* HomeTimelineModel.swift */; };
		55B062041D5F20D000490B44 /* TweetDTO.swift in Sources */ = {isa = PBXBuildFile; fileRef = 55B062031D5F20D000490B44 /* TweetDTO.swift */; };
		55B062061D5F22A700490B44 /* HomeTimelineModelImpl.swift in Sources */ = {isa = PBXBuildFile; fileRef = 55B062051D5F22A700490B44 /* HomeTimelineModelImpl.swift */; };
		55B062091D5F4E1D00490B44 /* HomeTimelineStorage.swift in Sources */ = {isa = PBXBuildFile; fileRef = 55B062081D5F4E1D00490B44 /* HomeTimelineStorage.swift */; };
		55B0620B1D5F4ED100490B44 /* InMemoryHomeTimelineStorage.swift in Sources */ = {isa = PBXBuildFile; fileRef = 55B0620A1D5F4ED100490B44 /* InMemoryHomeTimelineStorage.swift */; };
		55B0620E1D5F517400490B44 /* SpotTweetItem.swift in Sources */ = {isa = PBXBuildFile; fileRef = 55B0620D1D5F517400490B44 /* SpotTweetItem.swift */; };
		55B062111D5F53B400490B44 /* SpotTweetItemCell.swift in Sources */ = {isa = PBXBuildFile; fileRef = 55B062101D5F53B400490B44 /* SpotTweetItemCell.swift */; };
		55C5ABCC1D6042EC00CC5880 /* SettingsService.swift in Sources */ = {isa = PBXBuildFile; fileRef = 55C5ABCB1D6042EC00CC5880 /* SettingsService.swift */; };
		55C5ABCE1D60437500CC5880 /* UserDefaultsSettingsService.swift in Sources */ = {isa = PBXBuildFile; fileRef = 55C5ABCD1D60437500CC5880 /* UserDefaultsSettingsService.swift */; };
		55C5ABD11D60452700CC5880 /* SettingsCell.swift in Sources */ = {isa = PBXBuildFile; fileRef = 55C5ABD01D60452700CC5880 /* SettingsCell.swift */; };
		55C5ABD41D60479500CC5880 /* SettingsItem.swift in Sources */ = {isa = PBXBuildFile; fileRef = 55C5ABD31D60479500CC5880 /* SettingsItem.swift */; };
		55C5ABDA1D6052E200CC5880 /* SettingsSwitch.swift in Sources */ = {isa = PBXBuildFile; fileRef = 55C5ABD91D6052E200CC5880 /* SettingsSwitch.swift */; };
		55C5ABE21D6065A800CC5880 /* CustomPullToRefreshView.swift in Sources */ = {isa = PBXBuildFile; fileRef = 55C5ABE01D6065A800CC5880 /* CustomPullToRefreshView.swift */; };
		55C5ABE31D6065A800CC5880 /* CustomPullToRefreshView.xib in Resources */ = {isa = PBXBuildFile; fileRef = 55C5ABE11D6065A800CC5880 /* CustomPullToRefreshView.xib */; };
		55C5ABE61D606ABE00CC5880 /* TweetDetailsViewModel.swift in Sources */ = {isa = PBXBuildFile; fileRef = 55C5ABE51D606ABE00CC5880 /* TweetDetailsViewModel.swift */; };
		55C5ABE91D60972B00CC5880 /* CommonTableDataManager.swift in Sources */ = {isa = PBXBuildFile; fileRef = 55C5ABE81D60972B00CC5880 /* CommonTableDataManager.swift */; };
		55C5ABEC1D60975600CC5880 /* SpotTableDataManager.swift in Sources */ = {isa = PBXBuildFile; fileRef = 55C5ABEB1D60975600CC5880 /* SpotTableDataManager.swift */; };
		55C5ABEF1D60AF4A00CC5880 /* Spot.strings in Resources */ = {isa = PBXBuildFile; fileRef = 55C5ABF11D60AF4A00CC5880 /* Spot.strings */; };
		55C5ABF51D60E49400CC5880 /* NetworkActivityIndicatorManger.swift in Sources */ = {isa = PBXBuildFile; fileRef = 55C5ABF41D60E49400CC5880 /* NetworkActivityIndicatorManger.swift */; };
		55DF60A31D5E1305006B7BFD /* Root.strings in Resources */ = {isa = PBXBuildFile; fileRef = 55DF60A51D5E1305006B7BFD /* Root.strings */; };
		55FB49971D5F77C700D0869C /* UIView+Extensions.swift in Sources */ = {isa = PBXBuildFile; fileRef = 55FB49961D5F77C700D0869C /* UIView+Extensions.swift */; };
		55FB49991D5F797900D0869C /* Common.xcassets in Resources */ = {isa = PBXBuildFile; fileRef = 55FB49981D5F797900D0869C /* Common.xcassets */; };
		55FB499C1D5F7C8200D0869C /* ImagesService.swift in Sources */ = {isa = PBXBuildFile; fileRef = 55FB499B1D5F7C8200D0869C /* ImagesService.swift */; };
		55FB499E1D5F81DE00D0869C /* ImagesServiceImpl.swift in Sources */ = {isa = PBXBuildFile; fileRef = 55FB499D1D5F81DE00D0869C /* ImagesServiceImpl.swift */; };
		BC54F40AE5A8825639068669 /* SpotViewController.swift in Sources */ = {isa = PBXBuildFile; fileRef = C5F613BFCD7AC396EEAF3620 /* SpotViewController.swift */; };
		CC8FC6F01FAC453300BEDDCC /* ModulesRegistry.swift in Sources */ = {isa = PBXBuildFile; fileRef = CC8FC6EF1FAC453300BEDDCC /* ModulesRegistry.swift */; };
		CC8FC6F21FAC457600BEDDCC /* main.swift in Sources */ = {isa = PBXBuildFile; fileRef = CC8FC6F11FAC457600BEDDCC /* main.swift */; };
		CC8FC6F41FAC45EA00BEDDCC /* CoreServicesRegistry.swift in Sources */ = {isa = PBXBuildFile; fileRef = CC8FC6F31FAC45EA00BEDDCC /* CoreServicesRegistry.swift */; };
		CC8FC6F61FAC467900BEDDCC /* BusinessLogicRegistry.swift in Sources */ = {isa = PBXBuildFile; fileRef = CC8FC6F51FAC467900BEDDCC /* BusinessLogicRegistry.swift */; };
		CC8FC6FA1FAC4A7F00BEDDCC /* LazyRegistry.swift in Sources */ = {isa = PBXBuildFile; fileRef = CC8FC6F91FAC4A7F00BEDDCC /* LazyRegistry.swift */; };
		CC8FC6FC1FAC4A9F00BEDDCC /* ApplicationRegistry.swift in Sources */ = {isa = PBXBuildFile; fileRef = CC8FC6FB1FAC4A9F00BEDDCC /* ApplicationRegistry.swift */; };
		CC8FC6FE1FAC4B9900BEDDCC /* PresentationRegistry.swift in Sources */ = {isa = PBXBuildFile; fileRef = CC8FC6FD1FAC4B9900BEDDCC /* PresentationRegistry.swift */; };
		CC8FC7001FAC4BCD00BEDDCC /* NavigationRootRegistry.swift in Sources */ = {isa = PBXBuildFile; fileRef = CC8FC6FF1FAC4BCD00BEDDCC /* NavigationRootRegistry.swift */; };
		CC8FC7021FAC4C6900BEDDCC /* NavigationRootViewController.swift in Sources */ = {isa = PBXBuildFile; fileRef = CC8FC7011FAC4C6900BEDDCC /* NavigationRootViewController.swift */; };
		CC8FC7041FAC4D0400BEDDCC /* NavigationRootPresenter.swift in Sources */ = {isa = PBXBuildFile; fileRef = CC8FC7031FAC4D0400BEDDCC /* NavigationRootPresenter.swift */; };
		CC8FC7071FAC4DE500BEDDCC /* NavigationRootRouter.swift in Sources */ = {isa = PBXBuildFile; fileRef = CC8FC7051FAC4DE400BEDDCC /* NavigationRootRouter.swift */; };
		CC8FC7081FAC4DE500BEDDCC /* NavigationRootInteractor.swift in Sources */ = {isa = PBXBuildFile; fileRef = CC8FC7061FAC4DE400BEDDCC /* NavigationRootInteractor.swift */; };
		CC8FC70A1FAC4F9000BEDDCC /* LoginModuleRegistry.swift in Sources */ = {isa = PBXBuildFile; fileRef = CC8FC7091FAC4F9000BEDDCC /* LoginModuleRegistry.swift */; };
		CC8FC7101FAC502600BEDDCC /* LoginRouter.swift in Sources */ = {isa = PBXBuildFile; fileRef = CC8FC70B1FAC502600BEDDCC /* LoginRouter.swift */; };
		CC8FC7111FAC502600BEDDCC /* Login.storyboard in Resources */ = {isa = PBXBuildFile; fileRef = CC8FC70C1FAC502600BEDDCC /* Login.storyboard */; };
		CC8FC7121FAC502600BEDDCC /* LoginViewController.swift in Sources */ = {isa = PBXBuildFile; fileRef = CC8FC70D1FAC502600BEDDCC /* LoginViewController.swift */; };
		CC8FC7131FAC502600BEDDCC /* LoginPresenter.swift in Sources */ = {isa = PBXBuildFile; fileRef = CC8FC70E1FAC502600BEDDCC /* LoginPresenter.swift */; };
		CC8FC7141FAC502600BEDDCC /* LoginInteractor.swift in Sources */ = {isa = PBXBuildFile; fileRef = CC8FC70F1FAC502600BEDDCC /* LoginInteractor.swift */; };
		CC8FC7161FAC53DF00BEDDCC /* SpotModuleRegistry.swift in Sources */ = {isa = PBXBuildFile; fileRef = CC8FC7151FAC53DF00BEDDCC /* SpotModuleRegistry.swift */; };
		CC8FC71A1FAC54AF00BEDDCC /* SpotPresenter.swift in Sources */ = {isa = PBXBuildFile; fileRef = CC8FC7171FAC54AF00BEDDCC /* SpotPresenter.swift */; };
		CC8FC71B1FAC54AF00BEDDCC /* SpotRouter.swift in Sources */ = {isa = PBXBuildFile; fileRef = CC8FC7181FAC54AF00BEDDCC /* SpotRouter.swift */; };
		CC8FC71C1FAC54AF00BEDDCC /* SpotInteractor.swift in Sources */ = {isa = PBXBuildFile; fileRef = CC8FC7191FAC54AF00BEDDCC /* SpotInteractor.swift */; };
		CC8FC71E1FAC55F900BEDDCC /* Spot.storyboard in Resources */ = {isa = PBXBuildFile; fileRef = CC8FC71D1FAC55F900BEDDCC /* Spot.storyboard */; };
		CC8FC7201FAC582B00BEDDCC /* UIViewController+Extensions.swift in Sources */ = {isa = PBXBuildFile; fileRef = CC8FC71F1FAC582B00BEDDCC /* UIViewController+Extensions.swift */; };
		CC8FC7241FAC67BE00BEDDCC /* SettingsModuleRegistry.swift in Sources */ = {isa = PBXBuildFile; fileRef = CC8FC7231FAC67BE00BEDDCC /* SettingsModuleRegistry.swift */; };
		CC8FC7291FAC688100BEDDCC /* SettingsPresenter.swift in Sources */ = {isa = PBXBuildFile; fileRef = CC8FC7251FAC688100BEDDCC /* SettingsPresenter.swift */; };
		CC8FC72A1FAC688100BEDDCC /* SettingsInteractor.swift in Sources */ = {isa = PBXBuildFile; fileRef = CC8FC7261FAC688100BEDDCC /* SettingsInteractor.swift */; };
		CC8FC72B1FAC688100BEDDCC /* SettingsRouter.swift in Sources */ = {isa = PBXBuildFile; fileRef = CC8FC7271FAC688100BEDDCC /* SettingsRouter.swift */; };
		CC8FC72C1FAC688100BEDDCC /* Settings.storyboard in Resources */ = {isa = PBXBuildFile; fileRef = CC8FC7281FAC688100BEDDCC /* Settings.storyboard */; };
		CC8FC72E1FAC69B200BEDDCC /* TweetDetailsRegistry.swift in Sources */ = {isa = PBXBuildFile; fileRef = CC8FC72D1FAC69B200BEDDCC /* TweetDetailsRegistry.swift */; };
		CC8FC7331FAC69E600BEDDCC /* TweetDetailsPresenter.swift in Sources */ = {isa = PBXBuildFile; fileRef = CC8FC72F1FAC69E600BEDDCC /* TweetDetailsPresenter.swift */; };
		CC8FC7341FAC69E600BEDDCC /* TweetDetailsInteractor.swift in Sources */ = {isa = PBXBuildFile; fileRef = CC8FC7301FAC69E600BEDDCC /* TweetDetailsInteractor.swift */; };
		CC8FC7361FAC69E600BEDDCC /* TweetDetails.storyboard in Resources */ = {isa = PBXBuildFile; fileRef = CC8FC7321FAC69E600BEDDCC /* TweetDetails.storyboard */; };
		CCAA5E6E1FACED74004F611A /* Logger.swift in Sources */ = {isa = PBXBuildFile; fileRef = CCAA5E6D1FACED74004F611A /* Logger.swift */; };
		CCAA5E701FACF54F004F611A /* Error+Extensions.swift in Sources */ = {isa = PBXBuildFile; fileRef = CCAA5E6F1FACF54F004F611A /* Error+Extensions.swift */; };
		E22165F574FFBCDDB26ED371 /* SettingsViewController.swift in Sources */ = {isa = PBXBuildFile; fileRef = 7B3F605FE74D6C946DE2BDB2 /* SettingsViewController.swift */; };
/* End PBXBuildFile section */

/* Begin PBXFileReference section */
		553F7B2E1D5DB71200541F38 /* TweetSpot.app */ = {isa = PBXFileReference; explicitFileType = wrapper.application; includeInIndex = 0; path = TweetSpot.app; sourceTree = BUILT_PRODUCTS_DIR; };
		553F7B5C1D5DBAD700541F38 /* Base */ = {isa = PBXFileReference; lastKnownFileType = file.storyboard; name = Base; path = Base.lproj/LaunchScreen.storyboard; sourceTree = "<group>"; };
		553F7B5E1D5DBAD700541F38 /* Base */ = {isa = PBXFileReference; lastKnownFileType = file.storyboard; name = Base; path = Base.lproj/Main.storyboard; sourceTree = "<group>"; };
		553F7B761D5DBAD700541F38 /* Assets.xcassets */ = {isa = PBXFileReference; lastKnownFileType = folder.assetcatalog; path = Assets.xcassets; sourceTree = "<group>"; };
		553F7B781D5DBAD700541F38 /* Info.plist */ = {isa = PBXFileReference; fileEncoding = 4; lastKnownFileType = text.plist.xml; path = Info.plist; sourceTree = "<group>"; };
		553F7B8D1D5DBB5900541F38 /* AppDelegate.swift */ = {isa = PBXFileReference; fileEncoding = 4; lastKnownFileType = sourcecode.swift; path = AppDelegate.swift; sourceTree = "<group>"; };
		553F7B8F1D5DBF2D00541F38 /* UIColor+Extensions.swift */ = {isa = PBXFileReference; fileEncoding = 4; lastKnownFileType = sourcecode.swift; path = "UIColor+Extensions.swift"; sourceTree = "<group>"; };
		553F7B911D5DC8E800541F38 /* CAGradientLayer+Extensions.swift */ = {isa = PBXFileReference; fileEncoding = 4; lastKnownFileType = sourcecode.swift; path = "CAGradientLayer+Extensions.swift"; sourceTree = "<group>"; };
		553F7B941D5DC98600541F38 /* FadeInSegue.swift */ = {isa = PBXFileReference; fileEncoding = 4; lastKnownFileType = sourcecode.swift; path = FadeInSegue.swift; sourceTree = "<group>"; };
		553F7B971D5DC9B900541F38 /* FadeAnimator.swift */ = {isa = PBXFileReference; fileEncoding = 4; lastKnownFileType = sourcecode.swift; path = FadeAnimator.swift; sourceTree = "<group>"; };
		553F7BA01D5DD0C500541F38 /* en */ = {isa = PBXFileReference; lastKnownFileType = text.plist.strings; name = en; path = en.lproj/Login.strings; sourceTree = "<group>"; };
		553F7BA21D5DD0D200541F38 /* ru */ = {isa = PBXFileReference; lastKnownFileType = text.plist.strings; name = ru; path = ru.lproj/Login.strings; sourceTree = "<group>"; };
		553F7BA31D5DD0EE00541F38 /* String+Extensions.swift */ = {isa = PBXFileReference; fileEncoding = 4; lastKnownFileType = sourcecode.swift; path = "String+Extensions.swift"; sourceTree = "<group>"; };
		5554CE3E1D5FAC0F00F82966 /* ru */ = {isa = PBXFileReference; lastKnownFileType = text.plist.strings; name = ru; path = ru.lproj/Settings.strings; sourceTree = "<group>"; };
		5554CE401D5FAC1200F82966 /* en */ = {isa = PBXFileReference; lastKnownFileType = text.plist.strings; name = en; path = en.lproj/Settings.strings; sourceTree = "<group>"; };
		55ACBFBF1D618B2D00E8C73D /* NSDateFormatter+Extensions.swift */ = {isa = PBXFileReference; fileEncoding = 4; lastKnownFileType = sourcecode.swift; path = "NSDateFormatter+Extensions.swift"; sourceTree = "<group>"; };
		55B061BC1D5E1DA000490B44 /* ru */ = {isa = PBXFileReference; lastKnownFileType = text.plist.strings; name = ru; path = ru.lproj/Common.strings; sourceTree = "<group>"; };
		55B061BE1D5E1DA200490B44 /* en */ = {isa = PBXFileReference; lastKnownFileType = text.plist.strings; name = en; path = en.lproj/Common.strings; sourceTree = "<group>"; };
		55B061C41D5E26E800490B44 /* ru */ = {isa = PBXFileReference; lastKnownFileType = text.plist.strings; name = ru; path = ru.lproj/Errors.strings; sourceTree = "<group>"; };
		55B061C61D5E26EB00490B44 /* en */ = {isa = PBXFileReference; lastKnownFileType = text.plist.strings; name = en; path = en.lproj/Errors.strings; sourceTree = "<group>"; };
		55B061E01D5F1C7100490B44 /* TweetDTODeserializer.swift */ = {isa = PBXFileReference; fileEncoding = 4; lastKnownFileType = sourcecode.swift; path = TweetDTODeserializer.swift; sourceTree = "<group>"; };
		55B061E11D5F1C7100490B44 /* TwitterDAO.swift */ = {isa = PBXFileReference; fileEncoding = 4; lastKnownFileType = sourcecode.swift; path = TwitterDAO.swift; sourceTree = "<group>"; };
		55B061E21D5F1C7100490B44 /* TwitterDAOImpl.swift */ = {isa = PBXFileReference; fileEncoding = 4; lastKnownFileType = sourcecode.swift; path = TwitterDAOImpl.swift; sourceTree = "<group>"; };
		55B061E51D5F1C7100490B44 /* KeychainSessionCredentialsStorage.swift */ = {isa = PBXFileReference; fileEncoding = 4; lastKnownFileType = sourcecode.swift; path = KeychainSessionCredentialsStorage.swift; sourceTree = "<group>"; };
		55B061E61D5F1C7100490B44 /* TwitterSessionCredentialsStorage.swift */ = {isa = PBXFileReference; fileEncoding = 4; lastKnownFileType = sourcecode.swift; path = TwitterSessionCredentialsStorage.swift; sourceTree = "<group>"; };
		55B061E71D5F1C7100490B44 /* TwitterSession.swift */ = {isa = PBXFileReference; fileEncoding = 4; lastKnownFileType = sourcecode.swift; path = TwitterSession.swift; sourceTree = "<group>"; };
		55B061E81D5F1C7100490B44 /* TwitterSessionImpl.swift */ = {isa = PBXFileReference; fileEncoding = 4; lastKnownFileType = sourcecode.swift; path = TwitterSessionImpl.swift; sourceTree = "<group>"; };
		55B061EA1D5F1C7100490B44 /* SafariTwitterWebAuthHandler.swift */ = {isa = PBXFileReference; fileEncoding = 4; lastKnownFileType = sourcecode.swift; path = SafariTwitterWebAuthHandler.swift; sourceTree = "<group>"; };
		55B061EB1D5F1C7100490B44 /* TwitterWebAuthHandler.swift */ = {isa = PBXFileReference; fileEncoding = 4; lastKnownFileType = sourcecode.swift; path = TwitterWebAuthHandler.swift; sourceTree = "<group>"; };
		55B061EF1D5F1C7100490B44 /* SocialAccountsService.swift */ = {isa = PBXFileReference; fileEncoding = 4; lastKnownFileType = sourcecode.swift; path = SocialAccountsService.swift; sourceTree = "<group>"; };
		55B061F01D5F1C7100490B44 /* SocialAccountsServiceImpl.swift */ = {isa = PBXFileReference; fileEncoding = 4; lastKnownFileType = sourcecode.swift; path = SocialAccountsServiceImpl.swift; sourceTree = "<group>"; };
		55B062001D5F206000490B44 /* HomeTimelineModel.swift */ = {isa = PBXFileReference; fileEncoding = 4; lastKnownFileType = sourcecode.swift; path = HomeTimelineModel.swift; sourceTree = "<group>"; };
		55B062031D5F20D000490B44 /* TweetDTO.swift */ = {isa = PBXFileReference; fileEncoding = 4; lastKnownFileType = sourcecode.swift; path = TweetDTO.swift; sourceTree = "<group>"; };
		55B062051D5F22A700490B44 /* HomeTimelineModelImpl.swift */ = {isa = PBXFileReference; fileEncoding = 4; lastKnownFileType = sourcecode.swift; path = HomeTimelineModelImpl.swift; sourceTree = "<group>"; };
		55B062081D5F4E1D00490B44 /* HomeTimelineStorage.swift */ = {isa = PBXFileReference; fileEncoding = 4; lastKnownFileType = sourcecode.swift; path = HomeTimelineStorage.swift; sourceTree = "<group>"; };
		55B0620A1D5F4ED100490B44 /* InMemoryHomeTimelineStorage.swift */ = {isa = PBXFileReference; fileEncoding = 4; lastKnownFileType = sourcecode.swift; path = InMemoryHomeTimelineStorage.swift; sourceTree = "<group>"; };
		55B0620D1D5F517400490B44 /* SpotTweetItem.swift */ = {isa = PBXFileReference; fileEncoding = 4; lastKnownFileType = sourcecode.swift; path = SpotTweetItem.swift; sourceTree = "<group>"; };
		55B062101D5F53B400490B44 /* SpotTweetItemCell.swift */ = {isa = PBXFileReference; fileEncoding = 4; lastKnownFileType = sourcecode.swift; path = SpotTweetItemCell.swift; sourceTree = "<group>"; };
		55C5ABCB1D6042EC00CC5880 /* SettingsService.swift */ = {isa = PBXFileReference; fileEncoding = 4; lastKnownFileType = sourcecode.swift; path = SettingsService.swift; sourceTree = "<group>"; };
		55C5ABCD1D60437500CC5880 /* UserDefaultsSettingsService.swift */ = {isa = PBXFileReference; fileEncoding = 4; lastKnownFileType = sourcecode.swift; path = UserDefaultsSettingsService.swift; sourceTree = "<group>"; };
		55C5ABD01D60452700CC5880 /* SettingsCell.swift */ = {isa = PBXFileReference; fileEncoding = 4; lastKnownFileType = sourcecode.swift; path = SettingsCell.swift; sourceTree = "<group>"; };
		55C5ABD31D60479500CC5880 /* SettingsItem.swift */ = {isa = PBXFileReference; fileEncoding = 4; lastKnownFileType = sourcecode.swift; path = SettingsItem.swift; sourceTree = "<group>"; };
		55C5ABD91D6052E200CC5880 /* SettingsSwitch.swift */ = {isa = PBXFileReference; fileEncoding = 4; lastKnownFileType = sourcecode.swift; path = SettingsSwitch.swift; sourceTree = "<group>"; };
		55C5ABE01D6065A800CC5880 /* CustomPullToRefreshView.swift */ = {isa = PBXFileReference; fileEncoding = 4; lastKnownFileType = sourcecode.swift; path = CustomPullToRefreshView.swift; sourceTree = "<group>"; };
		55C5ABE11D6065A800CC5880 /* CustomPullToRefreshView.xib */ = {isa = PBXFileReference; fileEncoding = 4; lastKnownFileType = file.xib; path = CustomPullToRefreshView.xib; sourceTree = "<group>"; };
		55C5ABE51D606ABE00CC5880 /* TweetDetailsViewModel.swift */ = {isa = PBXFileReference; fileEncoding = 4; lastKnownFileType = sourcecode.swift; path = TweetDetailsViewModel.swift; sourceTree = "<group>"; };
		55C5ABE81D60972B00CC5880 /* CommonTableDataManager.swift */ = {isa = PBXFileReference; fileEncoding = 4; lastKnownFileType = sourcecode.swift; path = CommonTableDataManager.swift; sourceTree = "<group>"; };
		55C5ABEB1D60975600CC5880 /* SpotTableDataManager.swift */ = {isa = PBXFileReference; fileEncoding = 4; lastKnownFileType = sourcecode.swift; path = SpotTableDataManager.swift; sourceTree = "<group>"; };
		55C5ABF01D60AF4A00CC5880 /* ru */ = {isa = PBXFileReference; lastKnownFileType = text.plist.strings; name = ru; path = ru.lproj/Spot.strings; sourceTree = "<group>"; };
		55C5ABF21D60AF4C00CC5880 /* en */ = {isa = PBXFileReference; lastKnownFileType = text.plist.strings; name = en; path = en.lproj/Spot.strings; sourceTree = "<group>"; };
		55C5ABF41D60E49400CC5880 /* NetworkActivityIndicatorManger.swift */ = {isa = PBXFileReference; fileEncoding = 4; lastKnownFileType = sourcecode.swift; path = NetworkActivityIndicatorManger.swift; sourceTree = "<group>"; };
		55DF60A41D5E1305006B7BFD /* ru */ = {isa = PBXFileReference; lastKnownFileType = text.plist.strings; name = ru; path = ru.lproj/Root.strings; sourceTree = "<group>"; };
		55DF60A61D5E1309006B7BFD /* en */ = {isa = PBXFileReference; lastKnownFileType = text.plist.strings; name = en; path = en.lproj/Root.strings; sourceTree = "<group>"; };
		55FB49961D5F77C700D0869C /* UIView+Extensions.swift */ = {isa = PBXFileReference; fileEncoding = 4; lastKnownFileType = sourcecode.swift; path = "UIView+Extensions.swift"; sourceTree = "<group>"; };
		55FB49981D5F797900D0869C /* Common.xcassets */ = {isa = PBXFileReference; lastKnownFileType = folder.assetcatalog; path = Common.xcassets; sourceTree = "<group>"; };
		55FB499B1D5F7C8200D0869C /* ImagesService.swift */ = {isa = PBXFileReference; fileEncoding = 4; lastKnownFileType = sourcecode.swift; path = ImagesService.swift; sourceTree = "<group>"; };
		55FB499D1D5F81DE00D0869C /* ImagesServiceImpl.swift */ = {isa = PBXFileReference; fileEncoding = 4; lastKnownFileType = sourcecode.swift; path = ImagesServiceImpl.swift; sourceTree = "<group>"; };
		6AADD66E20488720C9693357 /* Pods-TweetSpot.debug.xcconfig */ = {isa = PBXFileReference; includeInIndex = 1; lastKnownFileType = text.xcconfig; name = "Pods-TweetSpot.debug.xcconfig"; path = "Pods/Target Support Files/Pods-TweetSpot/Pods-TweetSpot.debug.xcconfig"; sourceTree = "<group>"; };
		7B3F605FE74D6C946DE2BDB2 /* SettingsViewController.swift */ = {isa = PBXFileReference; includeInIndex = 1; lastKnownFileType = sourcecode.swift; path = SettingsViewController.swift; sourceTree = "<group>"; };
		BE01D010498E276BCAFB5AF0 /* TweetDetailsViewController.swift */ = {isa = PBXFileReference; includeInIndex = 1; lastKnownFileType = sourcecode.swift; path = TweetDetailsViewController.swift; sourceTree = "<group>"; };
		C5F613BFCD7AC396EEAF3620 /* SpotViewController.swift */ = {isa = PBXFileReference; includeInIndex = 1; lastKnownFileType = sourcecode.swift; path = SpotViewController.swift; sourceTree = "<group>"; };
		CC8FC6EF1FAC453300BEDDCC /* ModulesRegistry.swift */ = {isa = PBXFileReference; lastKnownFileType = sourcecode.swift; path = ModulesRegistry.swift; sourceTree = "<group>"; };
		CC8FC6F11FAC457600BEDDCC /* main.swift */ = {isa = PBXFileReference; lastKnownFileType = sourcecode.swift; path = main.swift; sourceTree = "<group>"; };
		CC8FC6F31FAC45EA00BEDDCC /* CoreServicesRegistry.swift */ = {isa = PBXFileReference; lastKnownFileType = sourcecode.swift; path = CoreServicesRegistry.swift; sourceTree = "<group>"; };
		CC8FC6F51FAC467900BEDDCC /* BusinessLogicRegistry.swift */ = {isa = PBXFileReference; lastKnownFileType = sourcecode.swift; path = BusinessLogicRegistry.swift; sourceTree = "<group>"; };
		CC8FC6F91FAC4A7F00BEDDCC /* LazyRegistry.swift */ = {isa = PBXFileReference; lastKnownFileType = sourcecode.swift; path = LazyRegistry.swift; sourceTree = "<group>"; };
		CC8FC6FB1FAC4A9F00BEDDCC /* ApplicationRegistry.swift */ = {isa = PBXFileReference; lastKnownFileType = sourcecode.swift; path = ApplicationRegistry.swift; sourceTree = "<group>"; };
		CC8FC6FD1FAC4B9900BEDDCC /* PresentationRegistry.swift */ = {isa = PBXFileReference; lastKnownFileType = sourcecode.swift; path = PresentationRegistry.swift; sourceTree = "<group>"; };
		CC8FC6FF1FAC4BCD00BEDDCC /* NavigationRootRegistry.swift */ = {isa = PBXFileReference; lastKnownFileType = sourcecode.swift; path = NavigationRootRegistry.swift; sourceTree = "<group>"; };
		CC8FC7011FAC4C6900BEDDCC /* NavigationRootViewController.swift */ = {isa = PBXFileReference; fileEncoding = 4; lastKnownFileType = sourcecode.swift; path = NavigationRootViewController.swift; sourceTree = "<group>"; };
		CC8FC7031FAC4D0400BEDDCC /* NavigationRootPresenter.swift */ = {isa = PBXFileReference; fileEncoding = 4; lastKnownFileType = sourcecode.swift; path = NavigationRootPresenter.swift; sourceTree = "<group>"; };
		CC8FC7051FAC4DE400BEDDCC /* NavigationRootRouter.swift */ = {isa = PBXFileReference; fileEncoding = 4; lastKnownFileType = sourcecode.swift; path = NavigationRootRouter.swift; sourceTree = "<group>"; };
		CC8FC7061FAC4DE400BEDDCC /* NavigationRootInteractor.swift */ = {isa = PBXFileReference; fileEncoding = 4; lastKnownFileType = sourcecode.swift; path = NavigationRootInteractor.swift; sourceTree = "<group>"; };
		CC8FC7091FAC4F9000BEDDCC /* LoginModuleRegistry.swift */ = {isa = PBXFileReference; lastKnownFileType = sourcecode.swift; path = LoginModuleRegistry.swift; sourceTree = "<group>"; };
		CC8FC70B1FAC502600BEDDCC /* LoginRouter.swift */ = {isa = PBXFileReference; fileEncoding = 4; lastKnownFileType = sourcecode.swift; path = LoginRouter.swift; sourceTree = "<group>"; };
		CC8FC70C1FAC502600BEDDCC /* Login.storyboard */ = {isa = PBXFileReference; fileEncoding = 4; lastKnownFileType = file.storyboard; path = Login.storyboard; sourceTree = "<group>"; };
		CC8FC70D1FAC502600BEDDCC /* LoginViewController.swift */ = {isa = PBXFileReference; fileEncoding = 4; lastKnownFileType = sourcecode.swift; path = LoginViewController.swift; sourceTree = "<group>"; };
		CC8FC70E1FAC502600BEDDCC /* LoginPresenter.swift */ = {isa = PBXFileReference; fileEncoding = 4; lastKnownFileType = sourcecode.swift; path = LoginPresenter.swift; sourceTree = "<group>"; };
		CC8FC70F1FAC502600BEDDCC /* LoginInteractor.swift */ = {isa = PBXFileReference; fileEncoding = 4; lastKnownFileType = sourcecode.swift; path = LoginInteractor.swift; sourceTree = "<group>"; };
		CC8FC7151FAC53DF00BEDDCC /* SpotModuleRegistry.swift */ = {isa = PBXFileReference; lastKnownFileType = sourcecode.swift; path = SpotModuleRegistry.swift; sourceTree = "<group>"; };
		CC8FC7171FAC54AF00BEDDCC /* SpotPresenter.swift */ = {isa = PBXFileReference; fileEncoding = 4; lastKnownFileType = sourcecode.swift; path = SpotPresenter.swift; sourceTree = "<group>"; };
		CC8FC7181FAC54AF00BEDDCC /* SpotRouter.swift */ = {isa = PBXFileReference; fileEncoding = 4; lastKnownFileType = sourcecode.swift; path = SpotRouter.swift; sourceTree = "<group>"; };
		CC8FC7191FAC54AF00BEDDCC /* SpotInteractor.swift */ = {isa = PBXFileReference; fileEncoding = 4; lastKnownFileType = sourcecode.swift; path = SpotInteractor.swift; sourceTree = "<group>"; };
		CC8FC71D1FAC55F900BEDDCC /* Spot.storyboard */ = {isa = PBXFileReference; fileEncoding = 4; lastKnownFileType = file.storyboard; path = Spot.storyboard; sourceTree = "<group>"; };
		CC8FC71F1FAC582B00BEDDCC /* UIViewController+Extensions.swift */ = {isa = PBXFileReference; lastKnownFileType = sourcecode.swift; path = "UIViewController+Extensions.swift"; sourceTree = "<group>"; };
		CC8FC7231FAC67BE00BEDDCC /* SettingsModuleRegistry.swift */ = {isa = PBXFileReference; lastKnownFileType = sourcecode.swift; path = SettingsModuleRegistry.swift; sourceTree = "<group>"; };
		CC8FC7251FAC688100BEDDCC /* SettingsPresenter.swift */ = {isa = PBXFileReference; fileEncoding = 4; lastKnownFileType = sourcecode.swift; path = SettingsPresenter.swift; sourceTree = "<group>"; };
		CC8FC7261FAC688100BEDDCC /* SettingsInteractor.swift */ = {isa = PBXFileReference; fileEncoding = 4; lastKnownFileType = sourcecode.swift; path = SettingsInteractor.swift; sourceTree = "<group>"; };
		CC8FC7271FAC688100BEDDCC /* SettingsRouter.swift */ = {isa = PBXFileReference; fileEncoding = 4; lastKnownFileType = sourcecode.swift; path = SettingsRouter.swift; sourceTree = "<group>"; };
		CC8FC7281FAC688100BEDDCC /* Settings.storyboard */ = {isa = PBXFileReference; fileEncoding = 4; lastKnownFileType = file.storyboard; path = Settings.storyboard; sourceTree = "<group>"; };
		CC8FC72D1FAC69B200BEDDCC /* TweetDetailsRegistry.swift */ = {isa = PBXFileReference; lastKnownFileType = sourcecode.swift; path = TweetDetailsRegistry.swift; sourceTree = "<group>"; };
		CC8FC72F1FAC69E600BEDDCC /* TweetDetailsPresenter.swift */ = {isa = PBXFileReference; fileEncoding = 4; lastKnownFileType = sourcecode.swift; path = TweetDetailsPresenter.swift; sourceTree = "<group>"; };
		CC8FC7301FAC69E600BEDDCC /* TweetDetailsInteractor.swift */ = {isa = PBXFileReference; fileEncoding = 4; lastKnownFileType = sourcecode.swift; path = TweetDetailsInteractor.swift; sourceTree = "<group>"; };
		CC8FC7321FAC69E600BEDDCC /* TweetDetails.storyboard */ = {isa = PBXFileReference; fileEncoding = 4; lastKnownFileType = file.storyboard; path = TweetDetails.storyboard; sourceTree = "<group>"; };
		CCAA5E6D1FACED74004F611A /* Logger.swift */ = {isa = PBXFileReference; lastKnownFileType = sourcecode.swift; path = Logger.swift; sourceTree = "<group>"; };
		CCAA5E6F1FACF54F004F611A /* Error+Extensions.swift */ = {isa = PBXFileReference; lastKnownFileType = sourcecode.swift; path = "Error+Extensions.swift"; sourceTree = "<group>"; };
		EC908E15534B9C55897CC48D /* Pods_TweetSpot.framework */ = {isa = PBXFileReference; explicitFileType = wrapper.framework; includeInIndex = 0; path = Pods_TweetSpot.framework; sourceTree = BUILT_PRODUCTS_DIR; };
		FEEBF983C6D999B04D27BE91 /* Pods-TweetSpot.release.xcconfig */ = {isa = PBXFileReference; includeInIndex = 1; lastKnownFileType = text.xcconfig; name = "Pods-TweetSpot.release.xcconfig"; path = "Pods/Target Support Files/Pods-TweetSpot/Pods-TweetSpot.release.xcconfig"; sourceTree = "<group>"; };
/* End PBXFileReference section */

/* Begin PBXFrameworksBuildPhase section */
		553F7B2B1D5DB71200541F38 /* Frameworks */ = {
			isa = PBXFrameworksBuildPhase;
			buildActionMask = 2147483647;
			files = (
				10DE3B91554135AC09E28FDA /* Pods_TweetSpot.framework in Frameworks */,
			);
			runOnlyForDeploymentPostprocessing = 0;
		};
/* End PBXFrameworksBuildPhase section */

/* Begin PBXGroup section */
		01391CF6D41992F62BB91700 /* Pods */ = {
			isa = PBXGroup;
			children = (
				6AADD66E20488720C9693357 /* Pods-TweetSpot.debug.xcconfig */,
				FEEBF983C6D999B04D27BE91 /* Pods-TweetSpot.release.xcconfig */,
			);
			name = Pods;
			sourceTree = "<group>";
		};
		091E9AAA975A308A8E08C891 /* View */ = {
			isa = PBXGroup;
			children = (
				7B3F605FE74D6C946DE2BDB2 /* SettingsViewController.swift */,
				55C5ABD21D60477F00CC5880 /* ViewModel */,
				55C5ABCF1D6044E500CC5880 /* Cells */,
			);
			path = View;
			sourceTree = "<group>";
		};
		0DD28DA4FF14D9B7FFD5EB13 /* Spot */ = {
			isa = PBXGroup;
			children = (
				CC8FC7151FAC53DF00BEDDCC /* SpotModuleRegistry.swift */,
				CC8FC7191FAC54AF00BEDDCC /* SpotInteractor.swift */,
				CC8FC7171FAC54AF00BEDDCC /* SpotPresenter.swift */,
				CC8FC7181FAC54AF00BEDDCC /* SpotRouter.swift */,
				ACF99832BD108FA63541BB11 /* View */,
				CC8FC71D1FAC55F900BEDDCC /* Spot.storyboard */,
			);
			path = Spot;
			sourceTree = "<group>";
		};
		553F7B251D5DB71200541F38 = {
			isa = PBXGroup;
			children = (
				553F7B301D5DB71200541F38 /* TweetSpot */,
				553F7B2F1D5DB71200541F38 /* Products */,
				01391CF6D41992F62BB91700 /* Pods */,
				5DF0C569B6AB1E1F306F1C51 /* Frameworks */,
			);
			sourceTree = "<group>";
		};
		553F7B2F1D5DB71200541F38 /* Products */ = {
			isa = PBXGroup;
			children = (
				553F7B2E1D5DB71200541F38 /* TweetSpot.app */,
			);
			name = Products;
			sourceTree = "<group>";
		};
		553F7B301D5DB71200541F38 /* TweetSpot */ = {
			isa = PBXGroup;
			children = (
				553F7B571D5DBAD700541F38 /* Classes */,
				553F7B741D5DBAD700541F38 /* Resources */,
				553F7B771D5DBAD700541F38 /* SupportingFiles */,
			);
			path = TweetSpot;
			sourceTree = "<group>";
		};
		553F7B571D5DBAD700541F38 /* Classes */ = {
			isa = PBXGroup;
			children = (
				CC8FC6EF1FAC453300BEDDCC /* ModulesRegistry.swift */,
				553F7B711D5DBAD700541F38 /* Utils */,
				553F7B5A1D5DBAD700541F38 /* Presentation */,
				553F7B581D5DBAD700541F38 /* Application */,
				55B061DB1D5F1C7100490B44 /* BusinessLogic */,
				55B061EC1D5F1C7100490B44 /* Core */,
			);
			path = Classes;
			sourceTree = "<group>";
		};
		553F7B581D5DBAD700541F38 /* Application */ = {
			isa = PBXGroup;
			children = (
				CC8FC6FB1FAC4A9F00BEDDCC /* ApplicationRegistry.swift */,
				553F7B8C1D5DBB4D00541F38 /* AppDelegate */,
				55C5ABF31D60E48000CC5880 /* NetworkActivityIndicatorManger */,
			);
			path = Application;
			sourceTree = "<group>";
		};
		553F7B5A1D5DBAD700541F38 /* Presentation */ = {
			isa = PBXGroup;
			children = (
				CC8FC6F91FAC4A7F00BEDDCC /* LazyRegistry.swift */,
				CC8FC6FD1FAC4B9900BEDDCC /* PresentationRegistry.swift */,
				55C5ABDE1D6065A800CC5880 /* CommonViews */,
				553F7B5F1D5DBAD700541F38 /* Stories */,
				553F7B5B1D5DBAD700541F38 /* LaunchScreen.storyboard */,
				553F7B5D1D5DBAD700541F38 /* Main.storyboard */,
			);
			path = Presentation;
			sourceTree = "<group>";
		};
		553F7B5F1D5DBAD700541F38 /* Stories */ = {
			isa = PBXGroup;
			children = (
				553F7B601D5DBAD700541F38 /* NavigationRoot */,
				A1E4A9681499E3A34BA17852 /* Login */,
				0DD28DA4FF14D9B7FFD5EB13 /* Spot */,
				A1F48237BA22D5D0C9C72894 /* Settings */,
				BAB51879103A3A41523F1C1A /* TweetDetails */,
			);
			path = Stories;
			sourceTree = "<group>";
		};
		553F7B601D5DBAD700541F38 /* NavigationRoot */ = {
			isa = PBXGroup;
			children = (
				CC8FC6FF1FAC4BCD00BEDDCC /* NavigationRootRegistry.swift */,
				CC8FC7011FAC4C6900BEDDCC /* NavigationRootViewController.swift */,
				CC8FC7031FAC4D0400BEDDCC /* NavigationRootPresenter.swift */,
				CC8FC7061FAC4DE400BEDDCC /* NavigationRootInteractor.swift */,
				CC8FC7051FAC4DE400BEDDCC /* NavigationRootRouter.swift */,
			);
			path = NavigationRoot;
			sourceTree = "<group>";
		};
		553F7B711D5DBAD700541F38 /* Utils */ = {
			isa = PBXGroup;
			children = (
				553F7B721D5DBAD700541F38 /* Extensionns */,
				553F7B931D5DC97D00541F38 /* Segues */,
				553F7B961D5DC9AB00541F38 /* Animators */,
			);
			path = Utils;
			sourceTree = "<group>";
		};
		553F7B721D5DBAD700541F38 /* Extensionns */ = {
			isa = PBXGroup;
			children = (
				553F7B8F1D5DBF2D00541F38 /* UIColor+Extensions.swift */,
				553F7B911D5DC8E800541F38 /* CAGradientLayer+Extensions.swift */,
				553F7BA31D5DD0EE00541F38 /* String+Extensions.swift */,
				55FB49961D5F77C700D0869C /* UIView+Extensions.swift */,
				55ACBFBF1D618B2D00E8C73D /* NSDateFormatter+Extensions.swift */,
				CC8FC71F1FAC582B00BEDDCC /* UIViewController+Extensions.swift */,
				CCAA5E6F1FACF54F004F611A /* Error+Extensions.swift */,
			);
			path = Extensionns;
			sourceTree = "<group>";
		};
		553F7B741D5DBAD700541F38 /* Resources */ = {
			isa = PBXGroup;
			children = (
				553F7B9C1D5DD07100541F38 /* Strings */,
				553F7B751D5DBAD700541F38 /* Images */,
			);
			path = Resources;
			sourceTree = "<group>";
		};
		553F7B751D5DBAD700541F38 /* Images */ = {
			isa = PBXGroup;
			children = (
				553F7B761D5DBAD700541F38 /* Assets.xcassets */,
				55FB49981D5F797900D0869C /* Common.xcassets */,
			);
			path = Images;
			sourceTree = "<group>";
		};
		553F7B771D5DBAD700541F38 /* SupportingFiles */ = {
			isa = PBXGroup;
			children = (
				553F7B781D5DBAD700541F38 /* Info.plist */,
				CC8FC6F11FAC457600BEDDCC /* main.swift */,
			);
			path = SupportingFiles;
			sourceTree = "<group>";
		};
		553F7B8C1D5DBB4D00541F38 /* AppDelegate */ = {
			isa = PBXGroup;
			children = (
				553F7B8D1D5DBB5900541F38 /* AppDelegate.swift */,
			);
			path = AppDelegate;
			sourceTree = "<group>";
		};
		553F7B931D5DC97D00541F38 /* Segues */ = {
			isa = PBXGroup;
			children = (
				553F7B941D5DC98600541F38 /* FadeInSegue.swift */,
			);
			path = Segues;
			sourceTree = "<group>";
		};
		553F7B961D5DC9AB00541F38 /* Animators */ = {
			isa = PBXGroup;
			children = (
				553F7B971D5DC9B900541F38 /* FadeAnimator.swift */,
			);
			path = Animators;
			sourceTree = "<group>";
		};
		553F7B9C1D5DD07100541F38 /* Strings */ = {
			isa = PBXGroup;
			children = (
				553F7BA11D5DD0C500541F38 /* Login.strings */,
				55DF60A51D5E1305006B7BFD /* Root.strings */,
				55B061BD1D5E1DA000490B44 /* Common.strings */,
				55B061C51D5E26E800490B44 /* Errors.strings */,
				5554CE3F1D5FAC0F00F82966 /* Settings.strings */,
				55C5ABF11D60AF4A00CC5880 /* Spot.strings */,
			);
			path = Strings;
			sourceTree = "<group>";
		};
		55B061DB1D5F1C7100490B44 /* BusinessLogic */ = {
			isa = PBXGroup;
			children = (
				CC8FC6F51FAC467900BEDDCC /* BusinessLogicRegistry.swift */,
				55B061DD1D5F1C7100490B44 /* TwitterDAO */,
				55B061E31D5F1C7100490B44 /* TwitterSession */,
				55B061FF1D5F204700490B44 /* HomeTimelineModel */,
				55C5ABCA1D6042D900CC5880 /* SettingsService */,
				55B062021D5F20C300490B44 /* Model */,
			);
			path = BusinessLogic;
			sourceTree = "<group>";
		};
		55B061DD1D5F1C7100490B44 /* TwitterDAO */ = {
			isa = PBXGroup;
			children = (
				55B061E11D5F1C7100490B44 /* TwitterDAO.swift */,
				55B061E21D5F1C7100490B44 /* TwitterDAOImpl.swift */,
				55B061DE1D5F1C7100490B44 /* Serialization */,
			);
			path = TwitterDAO;
			sourceTree = "<group>";
		};
		55B061DE1D5F1C7100490B44 /* Serialization */ = {
			isa = PBXGroup;
			children = (
				55B061E01D5F1C7100490B44 /* TweetDTODeserializer.swift */,
			);
			path = Serialization;
			sourceTree = "<group>";
		};
		55B061E31D5F1C7100490B44 /* TwitterSession */ = {
			isa = PBXGroup;
			children = (
				55B061E71D5F1C7100490B44 /* TwitterSession.swift */,
				55B061E81D5F1C7100490B44 /* TwitterSessionImpl.swift */,
				55B061E41D5F1C7100490B44 /* CredentialsStorage */,
				55B061E91D5F1C7100490B44 /* WebAuthHandler */,
			);
			path = TwitterSession;
			sourceTree = "<group>";
		};
		55B061E41D5F1C7100490B44 /* CredentialsStorage */ = {
			isa = PBXGroup;
			children = (
				55B061E61D5F1C7100490B44 /* TwitterSessionCredentialsStorage.swift */,
				55B061E51D5F1C7100490B44 /* KeychainSessionCredentialsStorage.swift */,
			);
			path = CredentialsStorage;
			sourceTree = "<group>";
		};
		55B061E91D5F1C7100490B44 /* WebAuthHandler */ = {
			isa = PBXGroup;
			children = (
				55B061EB1D5F1C7100490B44 /* TwitterWebAuthHandler.swift */,
				55B061EA1D5F1C7100490B44 /* SafariTwitterWebAuthHandler.swift */,
			);
			path = WebAuthHandler;
			sourceTree = "<group>";
		};
		55B061EC1D5F1C7100490B44 /* Core */ = {
			isa = PBXGroup;
			children = (
				CC8FC6F31FAC45EA00BEDDCC /* CoreServicesRegistry.swift */,
				55B061EE1D5F1C7100490B44 /* SocialAccountsService */,
				55FB499A1D5F7C6200D0869C /* ImagesService */,
				CCAA5E6C1FACED66004F611A /* Logger */,
			);
			path = Core;
			sourceTree = "<group>";
		};
		55B061EE1D5F1C7100490B44 /* SocialAccountsService */ = {
			isa = PBXGroup;
			children = (
				55B061EF1D5F1C7100490B44 /* SocialAccountsService.swift */,
				55B061F01D5F1C7100490B44 /* SocialAccountsServiceImpl.swift */,
			);
			path = SocialAccountsService;
			sourceTree = "<group>";
		};
		55B061FF1D5F204700490B44 /* HomeTimelineModel */ = {
			isa = PBXGroup;
			children = (
				55B062001D5F206000490B44 /* HomeTimelineModel.swift */,
				55B062051D5F22A700490B44 /* HomeTimelineModelImpl.swift */,
				55B062071D5F4E1000490B44 /* HomeTimelineStorage */,
			);
			path = HomeTimelineModel;
			sourceTree = "<group>";
		};
		55B062021D5F20C300490B44 /* Model */ = {
			isa = PBXGroup;
			children = (
				55B062031D5F20D000490B44 /* TweetDTO.swift */,
			);
			path = Model;
			sourceTree = "<group>";
		};
		55B062071D5F4E1000490B44 /* HomeTimelineStorage */ = {
			isa = PBXGroup;
			children = (
				55B062081D5F4E1D00490B44 /* HomeTimelineStorage.swift */,
				55B0620A1D5F4ED100490B44 /* InMemoryHomeTimelineStorage.swift */,
			);
			path = HomeTimelineStorage;
			sourceTree = "<group>";
		};
		55B0620C1D5F515900490B44 /* ViewModel */ = {
			isa = PBXGroup;
			children = (
				55B0620D1D5F517400490B44 /* SpotTweetItem.swift */,
			);
			path = ViewModel;
			sourceTree = "<group>";
		};
		55B0620F1D5F539C00490B44 /* Views */ = {
			isa = PBXGroup;
			children = (
				55B062101D5F53B400490B44 /* SpotTweetItemCell.swift */,
			);
			path = Views;
			sourceTree = "<group>";
		};
		55C5ABCA1D6042D900CC5880 /* SettingsService */ = {
			isa = PBXGroup;
			children = (
				55C5ABCB1D6042EC00CC5880 /* SettingsService.swift */,
				55C5ABCD1D60437500CC5880 /* UserDefaultsSettingsService.swift */,
			);
			path = SettingsService;
			sourceTree = "<group>";
		};
		55C5ABCF1D6044E500CC5880 /* Cells */ = {
			isa = PBXGroup;
			children = (
				55C5ABD01D60452700CC5880 /* SettingsCell.swift */,
				55C5ABD91D6052E200CC5880 /* SettingsSwitch.swift */,
			);
			path = Cells;
			sourceTree = "<group>";
		};
		55C5ABD21D60477F00CC5880 /* ViewModel */ = {
			isa = PBXGroup;
			children = (
				55C5ABD31D60479500CC5880 /* SettingsItem.swift */,
			);
			path = ViewModel;
			sourceTree = "<group>";
		};
		55C5ABDE1D6065A800CC5880 /* CommonViews */ = {
			isa = PBXGroup;
			children = (
				55C5ABDF1D6065A800CC5880 /* PullToRefreshView */,
				55C5ABE81D60972B00CC5880 /* CommonTableDataManager.swift */,
			);
			path = CommonViews;
			sourceTree = "<group>";
		};
		55C5ABDF1D6065A800CC5880 /* PullToRefreshView */ = {
			isa = PBXGroup;
			children = (
				55C5ABE01D6065A800CC5880 /* CustomPullToRefreshView.swift */,
				55C5ABE11D6065A800CC5880 /* CustomPullToRefreshView.xib */,
			);
			path = PullToRefreshView;
			sourceTree = "<group>";
		};
		55C5ABE41D606AAE00CC5880 /* ViewModel */ = {
			isa = PBXGroup;
			children = (
				55C5ABE51D606ABE00CC5880 /* TweetDetailsViewModel.swift */,
			);
			path = ViewModel;
			sourceTree = "<group>";
		};
		55C5ABEA1D60974C00CC5880 /* TableDataManger */ = {
			isa = PBXGroup;
			children = (
				55C5ABEB1D60975600CC5880 /* SpotTableDataManager.swift */,
			);
			path = TableDataManger;
			sourceTree = "<group>";
		};
		55C5ABF31D60E48000CC5880 /* NetworkActivityIndicatorManger */ = {
			isa = PBXGroup;
			children = (
				55C5ABF41D60E49400CC5880 /* NetworkActivityIndicatorManger.swift */,
			);
			path = NetworkActivityIndicatorManger;
			sourceTree = "<group>";
		};
		55FB499A1D5F7C6200D0869C /* ImagesService */ = {
			isa = PBXGroup;
			children = (
				55FB499B1D5F7C8200D0869C /* ImagesService.swift */,
				55FB499D1D5F81DE00D0869C /* ImagesServiceImpl.swift */,
			);
			path = ImagesService;
			sourceTree = "<group>";
		};
		5DF0C569B6AB1E1F306F1C51 /* Frameworks */ = {
			isa = PBXGroup;
			children = (
				EC908E15534B9C55897CC48D /* Pods_TweetSpot.framework */,
			);
			name = Frameworks;
			sourceTree = "<group>";
		};
		A1E4A9681499E3A34BA17852 /* Login */ = {
			isa = PBXGroup;
			children = (
				CC8FC7091FAC4F9000BEDDCC /* LoginModuleRegistry.swift */,
				CC8FC70D1FAC502600BEDDCC /* LoginViewController.swift */,
				CC8FC70E1FAC502600BEDDCC /* LoginPresenter.swift */,
				CC8FC70F1FAC502600BEDDCC /* LoginInteractor.swift */,
				CC8FC70B1FAC502600BEDDCC /* LoginRouter.swift */,
				CC8FC70C1FAC502600BEDDCC /* Login.storyboard */,
			);
			path = Login;
			sourceTree = "<group>";
		};
		A1F48237BA22D5D0C9C72894 /* Settings */ = {
			isa = PBXGroup;
			children = (
				CC8FC7231FAC67BE00BEDDCC /* SettingsModuleRegistry.swift */,
				CC8FC7251FAC688100BEDDCC /* SettingsPresenter.swift */,
				CC8FC7261FAC688100BEDDCC /* SettingsInteractor.swift */,
				CC8FC7271FAC688100BEDDCC /* SettingsRouter.swift */,
				CC8FC7281FAC688100BEDDCC /* Settings.storyboard */,
				091E9AAA975A308A8E08C891 /* View */,
			);
			path = Settings;
			sourceTree = "<group>";
		};
		ACF99832BD108FA63541BB11 /* View */ = {
			isa = PBXGroup;
			children = (
				C5F613BFCD7AC396EEAF3620 /* SpotViewController.swift */,
				55B0620C1D5F515900490B44 /* ViewModel */,
				55B0620F1D5F539C00490B44 /* Views */,
				55C5ABEA1D60974C00CC5880 /* TableDataManger */,
			);
			path = View;
			sourceTree = "<group>";
		};
		BAB51879103A3A41523F1C1A /* TweetDetails */ = {
			isa = PBXGroup;
			children = (
				CC8FC72D1FAC69B200BEDDCC /* TweetDetailsRegistry.swift */,
				CC8FC72F1FAC69E600BEDDCC /* TweetDetailsPresenter.swift */,
				CC8FC7301FAC69E600BEDDCC /* TweetDetailsInteractor.swift */,
				CC8FC7321FAC69E600BEDDCC /* TweetDetails.storyboard */,
				C10A8F1F323EC2460C6AD679 /* View */,
			);
			path = TweetDetails;
			sourceTree = "<group>";
		};
		C10A8F1F323EC2460C6AD679 /* View */ = {
			isa = PBXGroup;
			children = (
				BE01D010498E276BCAFB5AF0 /* TweetDetailsViewController.swift */,
				55C5ABE41D606AAE00CC5880 /* ViewModel */,
			);
			path = View;
			sourceTree = "<group>";
		};
		CCAA5E6C1FACED66004F611A /* Logger */ = {
			isa = PBXGroup;
			children = (
				CCAA5E6D1FACED74004F611A /* Logger.swift */,
			);
			path = Logger;
			sourceTree = "<group>";
		};
/* End PBXGroup section */

/* Begin PBXNativeTarget section */
		553F7B2D1D5DB71200541F38 /* TweetSpot */ = {
			isa = PBXNativeTarget;
			buildConfigurationList = 553F7B4B1D5DB71200541F38 /* Build configuration list for PBXNativeTarget "TweetSpot" */;
			buildPhases = (
				CE43A298A02882F92E6FA080 /* [CP] Check Pods Manifest.lock */,
				553F7B2A1D5DB71200541F38 /* Sources */,
				553F7B2B1D5DB71200541F38 /* Frameworks */,
				553F7B2C1D5DB71200541F38 /* Resources */,
				BFF30FBB79B5F57EF2D66A8F /* [CP] Embed Pods Frameworks */,
				FBB78CE276A00D26C8391FCE /* [CP] Copy Pods Resources */,
			);
			buildRules = (
			);
			dependencies = (
			);
			name = TweetSpot;
			productName = TweetSpot;
			productReference = 553F7B2E1D5DB71200541F38 /* TweetSpot.app */;
			productType = "com.apple.product-type.application";
		};
/* End PBXNativeTarget section */

/* Begin PBXProject section */
		553F7B261D5DB71200541F38 /* Project object */ = {
			isa = PBXProject;
			attributes = {
				LastSwiftUpdateCheck = 0730;
				LastUpgradeCheck = 0900;
				ORGANIZATIONNAME = "Andrey Yashnev";
				TargetAttributes = {
					553F7B2D1D5DB71200541F38 = {
						CreatedOnToolsVersion = 7.3.1;
						DevelopmentTeam = Q7HN8SE4G7;
						LastSwiftMigration = 0900;
					};
				};
			};
			buildConfigurationList = 553F7B291D5DB71200541F38 /* Build configuration list for PBXProject "TweetSpot" */;
			compatibilityVersion = "Xcode 3.2";
			developmentRegion = English;
			hasScannedForEncodings = 0;
			knownRegions = (
				en,
				Base,
				ru,
			);
			mainGroup = 553F7B251D5DB71200541F38;
			productRefGroup = 553F7B2F1D5DB71200541F38 /* Products */;
			projectDirPath = "";
			projectRoot = "";
			targets = (
				553F7B2D1D5DB71200541F38 /* TweetSpot */,
			);
		};
/* End PBXProject section */

/* Begin PBXResourcesBuildPhase section */
		553F7B2C1D5DB71200541F38 /* Resources */ = {
			isa = PBXResourcesBuildPhase;
			buildActionMask = 2147483647;
			files = (
				CC8FC72C1FAC688100BEDDCC /* Settings.storyboard in Resources */,
				55C5ABEF1D60AF4A00CC5880 /* Spot.strings in Resources */,
				553F7B7A1D5DBAD700541F38 /* LaunchScreen.storyboard in Resources */,
				553F7B881D5DBAD700541F38 /* Assets.xcassets in Resources */,
				55C5ABE31D6065A800CC5880 /* CustomPullToRefreshView.xib in Resources */,
				553F7B9F1D5DD0C500541F38 /* Login.strings in Resources */,
				CC8FC7111FAC502600BEDDCC /* Login.storyboard in Resources */,
				CC8FC7361FAC69E600BEDDCC /* TweetDetails.storyboard in Resources */,
				553F7B7B1D5DBAD700541F38 /* Main.storyboard in Resources */,
				5554CE3D1D5FAC0F00F82966 /* Settings.strings in Resources */,
				55FB49991D5F797900D0869C /* Common.xcassets in Resources */,
				55DF60A31D5E1305006B7BFD /* Root.strings in Resources */,
				CC8FC71E1FAC55F900BEDDCC /* Spot.storyboard in Resources */,
				55B061C31D5E26E800490B44 /* Errors.strings in Resources */,
				55B061BB1D5E1DA000490B44 /* Common.strings in Resources */,
			);
			runOnlyForDeploymentPostprocessing = 0;
		};
/* End PBXResourcesBuildPhase section */

/* Begin PBXShellScriptBuildPhase section */
		BFF30FBB79B5F57EF2D66A8F /* [CP] Embed Pods Frameworks */ = {
			isa = PBXShellScriptBuildPhase;
			buildActionMask = 2147483647;
			files = (
			);
			inputPaths = (
				"${SRCROOT}/Pods/Target Support Files/Pods-TweetSpot/Pods-TweetSpot-frameworks.sh",
				"${BUILT_PRODUCTS_DIR}/AFNetworking/AFNetworking.framework",
				"${BUILT_PRODUCTS_DIR}/AYRegistry/AYRegistry.framework",
				"${BUILT_PRODUCTS_DIR}/MGEvents/MGEvents.framework",
				"${BUILT_PRODUCTS_DIR}/PromiseKit/PromiseKit.framework",
				"${BUILT_PRODUCTS_DIR}/SAMKeychain/SAMKeychain.framework",
				"${BUILT_PRODUCTS_DIR}/SGHTTPRequest/SGHTTPRequest.framework",
				"${BUILT_PRODUCTS_DIR}/SGImageCache/SGImageCache.framework",
				"${BUILT_PRODUCTS_DIR}/STTwitter/STTwitter.framework",
				"${BUILT_PRODUCTS_DIR}/SVPullToRefresh/SVPullToRefresh.framework",
			);
			name = "[CP] Embed Pods Frameworks";
			outputPaths = (
				"${TARGET_BUILD_DIR}/${FRAMEWORKS_FOLDER_PATH}/AFNetworking.framework",
				"${TARGET_BUILD_DIR}/${FRAMEWORKS_FOLDER_PATH}/AYRegistry.framework",
				"${TARGET_BUILD_DIR}/${FRAMEWORKS_FOLDER_PATH}/MGEvents.framework",
				"${TARGET_BUILD_DIR}/${FRAMEWORKS_FOLDER_PATH}/PromiseKit.framework",
				"${TARGET_BUILD_DIR}/${FRAMEWORKS_FOLDER_PATH}/SAMKeychain.framework",
				"${TARGET_BUILD_DIR}/${FRAMEWORKS_FOLDER_PATH}/SGHTTPRequest.framework",
				"${TARGET_BUILD_DIR}/${FRAMEWORKS_FOLDER_PATH}/SGImageCache.framework",
				"${TARGET_BUILD_DIR}/${FRAMEWORKS_FOLDER_PATH}/STTwitter.framework",
				"${TARGET_BUILD_DIR}/${FRAMEWORKS_FOLDER_PATH}/SVPullToRefresh.framework",
			);
			runOnlyForDeploymentPostprocessing = 0;
			shellPath = /bin/sh;
			shellScript = "\"${SRCROOT}/Pods/Target Support Files/Pods-TweetSpot/Pods-TweetSpot-frameworks.sh\"\n";
			showEnvVarsInLog = 0;
		};
		CE43A298A02882F92E6FA080 /* [CP] Check Pods Manifest.lock */ = {
			isa = PBXShellScriptBuildPhase;
			buildActionMask = 2147483647;
			files = (
			);
			inputPaths = (
				"${PODS_PODFILE_DIR_PATH}/Podfile.lock",
				"${PODS_ROOT}/Manifest.lock",
			);
			name = "[CP] Check Pods Manifest.lock";
			outputPaths = (
				"$(DERIVED_FILE_DIR)/Pods-TweetSpot-checkManifestLockResult.txt",
			);
			runOnlyForDeploymentPostprocessing = 0;
			shellPath = /bin/sh;
			shellScript = "diff \"${PODS_PODFILE_DIR_PATH}/Podfile.lock\" \"${PODS_ROOT}/Manifest.lock\" > /dev/null\nif [ $? != 0 ] ; then\n    # print error to STDERR\n    echo \"error: The sandbox is not in sync with the Podfile.lock. Run 'pod install' or update your CocoaPods installation.\" >&2\n    exit 1\nfi\n# This output is used by Xcode 'outputs' to avoid re-running this script phase.\necho \"SUCCESS\" > \"${SCRIPT_OUTPUT_FILE_0}\"\n";
			showEnvVarsInLog = 0;
		};
		FBB78CE276A00D26C8391FCE /* [CP] Copy Pods Resources */ = {
			isa = PBXShellScriptBuildPhase;
			buildActionMask = 2147483647;
			files = (
			);
			inputPaths = (
			);
			name = "[CP] Copy Pods Resources";
			outputPaths = (
			);
			runOnlyForDeploymentPostprocessing = 0;
			shellPath = /bin/sh;
			shellScript = "\"${SRCROOT}/Pods/Target Support Files/Pods-TweetSpot/Pods-TweetSpot-resources.sh\"\n";
			showEnvVarsInLog = 0;
		};
/* End PBXShellScriptBuildPhase section */

/* Begin PBXSourcesBuildPhase section */
		553F7B2A1D5DB71200541F38 /* Sources */ = {
			isa = PBXSourcesBuildPhase;
			buildActionMask = 2147483647;
			files = (
				CC8FC71C1FAC54AF00BEDDCC /* SpotInteractor.swift in Sources */,
				55B062011D5F206000490B44 /* HomeTimelineModel.swift in Sources */,
				553F7B951D5DC98600541F38 /* FadeInSegue.swift in Sources */,
				55C5ABE21D6065A800CC5880 /* CustomPullToRefreshView.swift in Sources */,
				CC8FC6FE1FAC4B9900BEDDCC /* PresentationRegistry.swift in Sources */,
				553F7B901D5DBF2D00541F38 /* UIColor+Extensions.swift in Sources */,
				55C5ABDA1D6052E200CC5880 /* SettingsSwitch.swift in Sources */,
				55B0620B1D5F4ED100490B44 /* InMemoryHomeTimelineStorage.swift in Sources */,
				553F7B8E1D5DBB5900541F38 /* AppDelegate.swift in Sources */,
				CC8FC7021FAC4C6900BEDDCC /* NavigationRootViewController.swift in Sources */,
				CC8FC7341FAC69E600BEDDCC /* TweetDetailsInteractor.swift in Sources */,
				55B061FA1D5F1C7100490B44 /* SafariTwitterWebAuthHandler.swift in Sources */,
				CC8FC7121FAC502600BEDDCC /* LoginViewController.swift in Sources */,
				55B062111D5F53B400490B44 /* SpotTweetItemCell.swift in Sources */,
				55B061FD1D5F1C7100490B44 /* SocialAccountsService.swift in Sources */,
				CC8FC7071FAC4DE500BEDDCC /* NavigationRootRouter.swift in Sources */,
				55B061FB1D5F1C7100490B44 /* TwitterWebAuthHandler.swift in Sources */,
				553F7B921D5DC8E800541F38 /* CAGradientLayer+Extensions.swift in Sources */,
				553F7BA41D5DD0EE00541F38 /* String+Extensions.swift in Sources */,
				55B062041D5F20D000490B44 /* TweetDTO.swift in Sources */,
				55B062091D5F4E1D00490B44 /* HomeTimelineStorage.swift in Sources */,
				CCAA5E6E1FACED74004F611A /* Logger.swift in Sources */,
				55B061F41D5F1C7100490B44 /* TwitterDAO.swift in Sources */,
				55FB499C1D5F7C8200D0869C /* ImagesService.swift in Sources */,
				55B061F61D5F1C7100490B44 /* KeychainSessionCredentialsStorage.swift in Sources */,
				CC8FC7161FAC53DF00BEDDCC /* SpotModuleRegistry.swift in Sources */,
				CC8FC70A1FAC4F9000BEDDCC /* LoginModuleRegistry.swift in Sources */,
				55FB499E1D5F81DE00D0869C /* ImagesServiceImpl.swift in Sources */,
				CC8FC7201FAC582B00BEDDCC /* UIViewController+Extensions.swift in Sources */,
				55C5ABF51D60E49400CC5880 /* NetworkActivityIndicatorManger.swift in Sources */,
				55B061F51D5F1C7100490B44 /* TwitterDAOImpl.swift in Sources */,
				55B061FE1D5F1C7100490B44 /* SocialAccountsServiceImpl.swift in Sources */,
				CC8FC72E1FAC69B200BEDDCC /* TweetDetailsRegistry.swift in Sources */,
				CC8FC7041FAC4D0400BEDDCC /* NavigationRootPresenter.swift in Sources */,
				CC8FC7101FAC502600BEDDCC /* LoginRouter.swift in Sources */,
				55B061F91D5F1C7100490B44 /* TwitterSessionImpl.swift in Sources */,
				55B061F81D5F1C7100490B44 /* TwitterSession.swift in Sources */,
				CC8FC6F21FAC457600BEDDCC /* main.swift in Sources */,
				553F7B981D5DC9B900541F38 /* FadeAnimator.swift in Sources */,
				55B061F31D5F1C7100490B44 /* TweetDTODeserializer.swift in Sources */,
				55C5ABD11D60452700CC5880 /* SettingsCell.swift in Sources */,
				55C5ABCC1D6042EC00CC5880 /* SettingsService.swift in Sources */,
				55B0620E1D5F517400490B44 /* SpotTweetItem.swift in Sources */,
				55C5ABCE1D60437500CC5880 /* UserDefaultsSettingsService.swift in Sources */,
				CC8FC6FC1FAC4A9F00BEDDCC /* ApplicationRegistry.swift in Sources */,
				55C5ABE61D606ABE00CC5880 /* TweetDetailsViewModel.swift in Sources */,
				BC54F40AE5A8825639068669 /* SpotViewController.swift in Sources */,
				55FB49971D5F77C700D0869C /* UIView+Extensions.swift in Sources */,
				CC8FC6FA1FAC4A7F00BEDDCC /* LazyRegistry.swift in Sources */,
				CC8FC7141FAC502600BEDDCC /* LoginInteractor.swift in Sources */,
				CC8FC7241FAC67BE00BEDDCC /* SettingsModuleRegistry.swift in Sources */,
				CC8FC72B1FAC688100BEDDCC /* SettingsRouter.swift in Sources */,
				55B061F71D5F1C7100490B44 /* TwitterSessionCredentialsStorage.swift in Sources */,
				55B062061D5F22A700490B44 /* HomeTimelineModelImpl.swift in Sources */,
				CC8FC71B1FAC54AF00BEDDCC /* SpotRouter.swift in Sources */,
				CC8FC7291FAC688100BEDDCC /* SettingsPresenter.swift in Sources */,
				55C5ABD41D60479500CC5880 /* SettingsItem.swift in Sources */,
				CC8FC7001FAC4BCD00BEDDCC /* NavigationRootRegistry.swift in Sources */,
				E22165F574FFBCDDB26ED371 /* SettingsViewController.swift in Sources */,
				CC8FC71A1FAC54AF00BEDDCC /* SpotPresenter.swift in Sources */,
				CC8FC7331FAC69E600BEDDCC /* TweetDetailsPresenter.swift in Sources */,
				CC8FC7081FAC4DE500BEDDCC /* NavigationRootInteractor.swift in Sources */,
				CC8FC6F41FAC45EA00BEDDCC /* CoreServicesRegistry.swift in Sources */,
				55C5ABEC1D60975600CC5880 /* SpotTableDataManager.swift in Sources */,
				CC8FC7131FAC502600BEDDCC /* LoginPresenter.swift in Sources */,
				CCAA5E701FACF54F004F611A /* Error+Extensions.swift in Sources */,
				55ACBFC01D618B2D00E8C73D /* NSDateFormatter+Extensions.swift in Sources */,
				CC8FC6F61FAC467900BEDDCC /* BusinessLogicRegistry.swift in Sources */,
				3DEBFDCD70C031FE145759FB /* TweetDetailsViewController.swift in Sources */,
				CC8FC6F01FAC453300BEDDCC /* ModulesRegistry.swift in Sources */,
				55C5ABE91D60972B00CC5880 /* CommonTableDataManager.swift in Sources */,
				CC8FC72A1FAC688100BEDDCC /* SettingsInteractor.swift in Sources */,
			);
			runOnlyForDeploymentPostprocessing = 0;
		};
/* End PBXSourcesBuildPhase section */

/* Begin PBXVariantGroup section */
		553F7B5B1D5DBAD700541F38 /* LaunchScreen.storyboard */ = {
			isa = PBXVariantGroup;
			children = (
				553F7B5C1D5DBAD700541F38 /* Base */,
			);
			name = LaunchScreen.storyboard;
			sourceTree = "<group>";
		};
		553F7B5D1D5DBAD700541F38 /* Main.storyboard */ = {
			isa = PBXVariantGroup;
			children = (
				553F7B5E1D5DBAD700541F38 /* Base */,
			);
			name = Main.storyboard;
			sourceTree = "<group>";
		};
		553F7BA11D5DD0C500541F38 /* Login.strings */ = {
			isa = PBXVariantGroup;
			children = (
				553F7BA01D5DD0C500541F38 /* en */,
				553F7BA21D5DD0D200541F38 /* ru */,
			);
			name = Login.strings;
			sourceTree = "<group>";
		};
		5554CE3F1D5FAC0F00F82966 /* Settings.strings */ = {
			isa = PBXVariantGroup;
			children = (
				5554CE3E1D5FAC0F00F82966 /* ru */,
				5554CE401D5FAC1200F82966 /* en */,
			);
			name = Settings.strings;
			sourceTree = "<group>";
		};
		55B061BD1D5E1DA000490B44 /* Common.strings */ = {
			isa = PBXVariantGroup;
			children = (
				55B061BC1D5E1DA000490B44 /* ru */,
				55B061BE1D5E1DA200490B44 /* en */,
			);
			name = Common.strings;
			sourceTree = "<group>";
		};
		55B061C51D5E26E800490B44 /* Errors.strings */ = {
			isa = PBXVariantGroup;
			children = (
				55B061C41D5E26E800490B44 /* ru */,
				55B061C61D5E26EB00490B44 /* en */,
			);
			name = Errors.strings;
			sourceTree = "<group>";
		};
		55C5ABF11D60AF4A00CC5880 /* Spot.strings */ = {
			isa = PBXVariantGroup;
			children = (
				55C5ABF01D60AF4A00CC5880 /* ru */,
				55C5ABF21D60AF4C00CC5880 /* en */,
			);
			name = Spot.strings;
			sourceTree = "<group>";
		};
		55DF60A51D5E1305006B7BFD /* Root.strings */ = {
			isa = PBXVariantGroup;
			children = (
				55DF60A41D5E1305006B7BFD /* ru */,
				55DF60A61D5E1309006B7BFD /* en */,
			);
			name = Root.strings;
			sourceTree = "<group>";
		};
/* End PBXVariantGroup section */

/* Begin XCBuildConfiguration section */
		553F7B491D5DB71200541F38 /* Debug */ = {
			isa = XCBuildConfiguration;
			buildSettings = {
				ALWAYS_SEARCH_USER_PATHS = NO;
				CLANG_ANALYZER_LOCALIZABILITY_NONLOCALIZED = YES;
				CLANG_ANALYZER_NONNULL = YES;
				CLANG_CXX_LANGUAGE_STANDARD = "gnu++0x";
				CLANG_CXX_LIBRARY = "libc++";
				CLANG_ENABLE_MODULES = YES;
				CLANG_ENABLE_OBJC_ARC = YES;
				CLANG_WARN_BLOCK_CAPTURE_AUTORELEASING = YES;
				CLANG_WARN_BOOL_CONVERSION = YES;
				CLANG_WARN_COMMA = YES;
				CLANG_WARN_CONSTANT_CONVERSION = YES;
				CLANG_WARN_DIRECT_OBJC_ISA_USAGE = YES_ERROR;
				CLANG_WARN_EMPTY_BODY = YES;
				CLANG_WARN_ENUM_CONVERSION = YES;
				CLANG_WARN_INFINITE_RECURSION = YES;
				CLANG_WARN_INT_CONVERSION = YES;
				CLANG_WARN_NON_LITERAL_NULL_CONVERSION = YES;
				CLANG_WARN_OBJC_LITERAL_CONVERSION = YES;
				CLANG_WARN_OBJC_ROOT_CLASS = YES_ERROR;
				CLANG_WARN_RANGE_LOOP_ANALYSIS = YES;
				CLANG_WARN_STRICT_PROTOTYPES = YES;
				CLANG_WARN_SUSPICIOUS_MOVE = YES;
				CLANG_WARN_UNREACHABLE_CODE = YES;
				CLANG_WARN__DUPLICATE_METHOD_MATCH = YES;
				"CODE_SIGN_IDENTITY[sdk=iphoneos*]" = "iPhone Developer";
				COPY_PHASE_STRIP = NO;
				DEBUG_INFORMATION_FORMAT = dwarf;
				ENABLE_STRICT_OBJC_MSGSEND = YES;
				ENABLE_TESTABILITY = YES;
				GCC_C_LANGUAGE_STANDARD = gnu99;
				GCC_DYNAMIC_NO_PIC = NO;
				GCC_NO_COMMON_BLOCKS = YES;
				GCC_OPTIMIZATION_LEVEL = 0;
				GCC_PREPROCESSOR_DEFINITIONS = (
					"DEBUG=1",
					"$(inherited)",
				);
				GCC_WARN_64_TO_32_BIT_CONVERSION = YES;
				GCC_WARN_ABOUT_RETURN_TYPE = YES_ERROR;
				GCC_WARN_UNDECLARED_SELECTOR = YES;
				GCC_WARN_UNINITIALIZED_AUTOS = YES_AGGRESSIVE;
				GCC_WARN_UNUSED_FUNCTION = YES;
				GCC_WARN_UNUSED_VARIABLE = YES;
				IPHONEOS_DEPLOYMENT_TARGET = 9.3;
				MTL_ENABLE_DEBUG_INFO = YES;
				ONLY_ACTIVE_ARCH = YES;
				OTHER_SWIFT_FLAGS = "-DDEBUG";
				SDKROOT = iphoneos;
				SWIFT_OPTIMIZATION_LEVEL = "-Onone";
				SWIFT_VERSION = 4.0;
			};
			name = Debug;
		};
		553F7B4A1D5DB71200541F38 /* Release */ = {
			isa = XCBuildConfiguration;
			buildSettings = {
				ALWAYS_SEARCH_USER_PATHS = NO;
				CLANG_ANALYZER_LOCALIZABILITY_NONLOCALIZED = YES;
				CLANG_ANALYZER_NONNULL = YES;
				CLANG_CXX_LANGUAGE_STANDARD = "gnu++0x";
				CLANG_CXX_LIBRARY = "libc++";
				CLANG_ENABLE_MODULES = YES;
				CLANG_ENABLE_OBJC_ARC = YES;
				CLANG_WARN_BLOCK_CAPTURE_AUTORELEASING = YES;
				CLANG_WARN_BOOL_CONVERSION = YES;
				CLANG_WARN_COMMA = YES;
				CLANG_WARN_CONSTANT_CONVERSION = YES;
				CLANG_WARN_DIRECT_OBJC_ISA_USAGE = YES_ERROR;
				CLANG_WARN_EMPTY_BODY = YES;
				CLANG_WARN_ENUM_CONVERSION = YES;
				CLANG_WARN_INFINITE_RECURSION = YES;
				CLANG_WARN_INT_CONVERSION = YES;
				CLANG_WARN_NON_LITERAL_NULL_CONVERSION = YES;
				CLANG_WARN_OBJC_LITERAL_CONVERSION = YES;
				CLANG_WARN_OBJC_ROOT_CLASS = YES_ERROR;
				CLANG_WARN_RANGE_LOOP_ANALYSIS = YES;
				CLANG_WARN_STRICT_PROTOTYPES = YES;
				CLANG_WARN_SUSPICIOUS_MOVE = YES;
				CLANG_WARN_UNREACHABLE_CODE = YES;
				CLANG_WARN__DUPLICATE_METHOD_MATCH = YES;
				"CODE_SIGN_IDENTITY[sdk=iphoneos*]" = "iPhone Developer";
				COPY_PHASE_STRIP = NO;
				DEBUG_INFORMATION_FORMAT = "dwarf-with-dsym";
				ENABLE_NS_ASSERTIONS = NO;
				ENABLE_STRICT_OBJC_MSGSEND = YES;
				GCC_C_LANGUAGE_STANDARD = gnu99;
				GCC_NO_COMMON_BLOCKS = YES;
				GCC_WARN_64_TO_32_BIT_CONVERSION = YES;
				GCC_WARN_ABOUT_RETURN_TYPE = YES_ERROR;
				GCC_WARN_UNDECLARED_SELECTOR = YES;
				GCC_WARN_UNINITIALIZED_AUTOS = YES_AGGRESSIVE;
				GCC_WARN_UNUSED_FUNCTION = YES;
				GCC_WARN_UNUSED_VARIABLE = YES;
				IPHONEOS_DEPLOYMENT_TARGET = 9.3;
				MTL_ENABLE_DEBUG_INFO = NO;
				OTHER_SWIFT_FLAGS = "-DRELEASE";
				SDKROOT = iphoneos;
				SWIFT_OPTIMIZATION_LEVEL = "-Owholemodule";
				SWIFT_VERSION = 4.0;
				VALIDATE_PRODUCT = YES;
			};
			name = Release;
		};
		553F7B4C1D5DB71200541F38 /* Debug */ = {
			isa = XCBuildConfiguration;
			baseConfigurationReference = 6AADD66E20488720C9693357 /* Pods-TweetSpot.debug.xcconfig */;
			buildSettings = {
				ASSETCATALOG_COMPILER_APPICON_NAME = AppIcon;
				CODE_SIGN_IDENTITY = "iPhone Developer";
				"CODE_SIGN_IDENTITY[sdk=iphoneos*]" = "iPhone Developer";
				DEVELOPMENT_TEAM = Q7HN8SE4G7;
				GCC_TREAT_WARNINGS_AS_ERRORS = YES;
				INFOPLIST_FILE = "$(SRCROOT)/TweetSpot/SupportingFiles/Info.plist";
				IPHONEOS_DEPLOYMENT_TARGET = 8.0;
				LD_RUNPATH_SEARCH_PATHS = "$(inherited) @executable_path/Frameworks";
				PRODUCT_BUNDLE_IDENTIFIER = com.andjash.ng.weetSpot;
				PRODUCT_NAME = "$(TARGET_NAME)";
				PROVISIONING_PROFILE = "";
				SWIFT_SWIFT3_OBJC_INFERENCE = On;
				SWIFT_VERSION = 4.0;
			};
			name = Debug;
		};
		553F7B4D1D5DB71200541F38 /* Release */ = {
			isa = XCBuildConfiguration;
			baseConfigurationReference = FEEBF983C6D999B04D27BE91 /* Pods-TweetSpot.release.xcconfig */;
			buildSettings = {
				ASSETCATALOG_COMPILER_APPICON_NAME = AppIcon;
				CODE_SIGN_IDENTITY = "iPhone Developer";
				"CODE_SIGN_IDENTITY[sdk=iphoneos*]" = "iPhone Developer";
				DEVELOPMENT_TEAM = Q7HN8SE4G7;
				GCC_TREAT_WARNINGS_AS_ERRORS = YES;
				INFOPLIST_FILE = "$(SRCROOT)/TweetSpot/SupportingFiles/Info.plist";
				IPHONEOS_DEPLOYMENT_TARGET = 8.0;
				LD_RUNPATH_SEARCH_PATHS = "$(inherited) @executable_path/Frameworks";
				PRODUCT_BUNDLE_IDENTIFIER = com.andjash.ng.weetSpot;
				PRODUCT_NAME = "$(TARGET_NAME)";
				PROVISIONING_PROFILE = "";
				SWIFT_SWIFT3_OBJC_INFERENCE = On;
				SWIFT_VERSION = 4.0;
			};
			name = Release;
		};
/* End XCBuildConfiguration section */

/* Begin XCConfigurationList section */
		553F7B291D5DB71200541F38 /* Build configuration list for PBXProject "TweetSpot" */ = {
			isa = XCConfigurationList;
			buildConfigurations = (
				553F7B491D5DB71200541F38 /* Debug */,
				553F7B4A1D5DB71200541F38 /* Release */,
			);
			defaultConfigurationIsVisible = 0;
			defaultConfigurationName = Release;
		};
		553F7B4B1D5DB71200541F38 /* Build configuration list for PBXNativeTarget "TweetSpot" */ = {
			isa = XCConfigurationList;
			buildConfigurations = (
				553F7B4C1D5DB71200541F38 /* Debug */,
				553F7B4D1D5DB71200541F38 /* Release */,
			);
			defaultConfigurationIsVisible = 0;
			defaultConfigurationName = Release;
		};
/* End XCConfigurationList section */
	};
	rootObject = 553F7B261D5DB71200541F38 /* Project object */;
}
